// !$*UTF8*$!
{
	archiveVersion = 1;
	classes = {
	};
	objectVersion = 46;
	objects = {

/* Begin PBXBuildFile section */
		8535CAA718FBB22F0072BA73 /* Foundation.framework in Frameworks */ = {isa = PBXBuildFile; fileRef = 8535CAA618FBB22F0072BA73 /* Foundation.framework */; };
		8535CAA918FBB22F0072BA73 /* CoreGraphics.framework in Frameworks */ = {isa = PBXBuildFile; fileRef = 8535CAA818FBB22F0072BA73 /* CoreGraphics.framework */; };
		8535CAAB18FBB22F0072BA73 /* UIKit.framework in Frameworks */ = {isa = PBXBuildFile; fileRef = 8535CAAA18FBB22F0072BA73 /* UIKit.framework */; };
		8535CAB118FBB22F0072BA73 /* InfoPlist.strings in Resources */ = {isa = PBXBuildFile; fileRef = 8535CAAF18FBB22F0072BA73 /* InfoPlist.strings */; };
		8535CAB318FBB22F0072BA73 /* main.m in Sources */ = {isa = PBXBuildFile; fileRef = 8535CAB218FBB22F0072BA73 /* main.m */; };
		8535CAB718FBB22F0072BA73 /* TRAppDelegate.m in Sources */ = {isa = PBXBuildFile; fileRef = 8535CAB618FBB22F0072BA73 /* TRAppDelegate.m */; };
		8535CABA18FBB22F0072BA73 /* Main.storyboard in Resources */ = {isa = PBXBuildFile; fileRef = 8535CAB818FBB22F0072BA73 /* Main.storyboard */; };
		8535CABD18FBB22F0072BA73 /* TRViewController.m in Sources */ = {isa = PBXBuildFile; fileRef = 8535CABC18FBB22F0072BA73 /* TRViewController.m */; };
		8535CABF18FBB22F0072BA73 /* Images.xcassets in Resources */ = {isa = PBXBuildFile; fileRef = 8535CABE18FBB22F0072BA73 /* Images.xcassets */; };
		8535CAC618FBB22F0072BA73 /* XCTest.framework in Frameworks */ = {isa = PBXBuildFile; fileRef = 8535CAC518FBB22F0072BA73 /* XCTest.framework */; };
		8535CAC718FBB22F0072BA73 /* Foundation.framework in Frameworks */ = {isa = PBXBuildFile; fileRef = 8535CAA618FBB22F0072BA73 /* Foundation.framework */; };
		8535CAC818FBB22F0072BA73 /* UIKit.framework in Frameworks */ = {isa = PBXBuildFile; fileRef = 8535CAAA18FBB22F0072BA73 /* UIKit.framework */; };
		8535CAD018FBB22F0072BA73 /* InfoPlist.strings in Resources */ = {isa = PBXBuildFile; fileRef = 8535CACE18FBB22F0072BA73 /* InfoPlist.strings */; };
		8535CAD218FBB22F0072BA73 /* Day4Storyboard2Tests.m in Sources */ = {isa = PBXBuildFile; fileRef = 8535CAD118FBB22F0072BA73 /* Day4Storyboard2Tests.m */; };
		8535CADD18FBB2790072BA73 /* TRSecondViewController.m in Sources */ = {isa = PBXBuildFile; fileRef = 8535CADC18FBB2790072BA73 /* TRSecondViewController.m */; };
/* End PBXBuildFile section */

/* Begin PBXContainerItemProxy section */
		8535CAC918FBB22F0072BA73 /* PBXContainerItemProxy */ = {
			isa = PBXContainerItemProxy;
			containerPortal = 8535CA9B18FBB22F0072BA73 /* Project object */;
			proxyType = 1;
			remoteGlobalIDString = 8535CAA218FBB22F0072BA73;
			remoteInfo = Day4Storyboard2;
		};
/* End PBXContainerItemProxy section */

/* Begin PBXFileReference section */
		8535CAA318FBB22F0072BA73 /* Day4Storyboard2.app */ = {isa = PBXFileReference; explicitFileType = wrapper.application; includeInIndex = 0; path = Day4Storyboard2.app; sourceTree = BUILT_PRODUCTS_DIR; };
		8535CAA618FBB22F0072BA73 /* Foundation.framework */ = {isa = PBXFileReference; lastKnownFileType = wrapper.framework; name = Foundation.framework; path = System/Library/Frameworks/Foundation.framework; sourceTree = SDKROOT; };
		8535CAA818FBB22F0072BA73 /* CoreGraphics.framework */ = {isa = PBXFileReference; lastKnownFileType = wrapper.framework; name = CoreGraphics.framework; path = System/Library/Frameworks/CoreGraphics.framework; sourceTree = SDKROOT; };
		8535CAAA18FBB22F0072BA73 /* UIKit.framework */ = {isa = PBXFileReference; lastKnownFileType = wrapper.framework; name = UIKit.framework; path = System/Library/Frameworks/UIKit.framework; sourceTree = SDKROOT; };
		8535CAAE18FBB22F0072BA73 /* Day4Storyboard2-Info.plist */ = {isa = PBXFileReference; lastKnownFileType = text.plist.xml; path = "Day4Storyboard2-Info.plist"; sourceTree = "<group>"; };
		8535CAB018FBB22F0072BA73 /* en */ = {isa = PBXFileReference; lastKnownFileType = text.plist.strings; name = en; path = en.lproj/InfoPlist.strings; sourceTree = "<group>"; };
		8535CAB218FBB22F0072BA73 /* main.m */ = {isa = PBXFileReference; lastKnownFileType = sourcecode.c.objc; path = main.m; sourceTree = "<group>"; };
		8535CAB418FBB22F0072BA73 /* Day4Storyboard2-Prefix.pch */ = {isa = PBXFileReference; lastKnownFileType = sourcecode.c.h; path = "Day4Storyboard2-Prefix.pch"; sourceTree = "<group>"; };
		8535CAB518FBB22F0072BA73 /* TRAppDelegate.h */ = {isa = PBXFileReference; lastKnownFileType = sourcecode.c.h; path = TRAppDelegate.h; sourceTree = "<group>"; };
		8535CAB618FBB22F0072BA73 /* TRAppDelegate.m */ = {isa = PBXFileReference; lastKnownFileType = sourcecode.c.objc; path = TRAppDelegate.m; sourceTree = "<group>"; };
		8535CAB918FBB22F0072BA73 /* Base */ = {isa = PBXFileReference; lastKnownFileType = file.storyboard; name = Base; path = Base.lproj/Main.storyboard; sourceTree = "<group>"; };
		8535CABB18FBB22F0072BA73 /* TRViewController.h */ = {isa = PBXFileReference; lastKnownFileType = sourcecode.c.h; path = TRViewController.h; sourceTree = "<group>"; };
		8535CABC18FBB22F0072BA73 /* TRViewController.m */ = {isa = PBXFileReference; lastKnownFileType = sourcecode.c.objc; path = TRViewController.m; sourceTree = "<group>"; };
		8535CABE18FBB22F0072BA73 /* Images.xcassets */ = {isa = PBXFileReference; lastKnownFileType = folder.assetcatalog; path = Images.xcassets; sourceTree = "<group>"; };
		8535CAC418FBB22F0072BA73 /* Day4Storyboard2Tests.xctest */ = {isa = PBXFileReference; explicitFileType = wrapper.cfbundle; includeInIndex = 0; path = Day4Storyboard2Tests.xctest; sourceTree = BUILT_PRODUCTS_DIR; };
		8535CAC518FBB22F0072BA73 /* XCTest.framework */ = {isa = PBXFileReference; lastKnownFileType = wrapper.framework; name = XCTest.framework; path = Library/Frameworks/XCTest.framework; sourceTree = DEVELOPER_DIR; };
		8535CACD18FBB22F0072BA73 /* Day4Storyboard2Tests-Info.plist */ = {isa = PBXFileReference; lastKnownFileType = text.plist.xml; path = "Day4Storyboard2Tests-Info.plist"; sourceTree = "<group>"; };
		8535CACF18FBB22F0072BA73 /* en */ = {isa = PBXFileReference; lastKnownFileType = text.plist.strings; name = en; path = en.lproj/InfoPlist.strings; sourceTree = "<group>"; };
		8535CAD118FBB22F0072BA73 /* Day4Storyboard2Tests.m */ = {isa = PBXFileReference; lastKnownFileType = sourcecode.c.objc; path = Day4Storyboard2Tests.m; sourceTree = "<group>"; };
		8535CADB18FBB2790072BA73 /* TRSecondViewController.h */ = {isa = PBXFileReference; fileEncoding = 4; lastKnownFileType = sourcecode.c.h; path = TRSecondViewController.h; sourceTree = "<group>"; };
		8535CADC18FBB2790072BA73 /* TRSecondViewController.m */ = {isa = PBXFileReference; fileEncoding = 4; lastKnownFileType = sourcecode.c.objc; path = TRSecondViewController.m; sourceTree = "<group>"; };
/* End PBXFileReference section */

/* Begin PBXFrameworksBuildPhase section */
		8535CAA018FBB22F0072BA73 /* Frameworks */ = {
			isa = PBXFrameworksBuildPhase;
			buildActionMask = 2147483647;
			files = (
				8535CAA918FBB22F0072BA73 /* CoreGraphics.framework in Frameworks */,
				8535CAAB18FBB22F0072BA73 /* UIKit.framework in Frameworks */,
				8535CAA718FBB22F0072BA73 /* Foundation.framework in Frameworks */,
			);
			runOnlyForDeploymentPostprocessing = 0;
		};
		8535CAC118FBB22F0072BA73 /* Frameworks */ = {
			isa = PBXFrameworksBuildPhase;
			buildActionMask = 2147483647;
			files = (
				8535CAC618FBB22F0072BA73 /* XCTest.framework in Frameworks */,
				8535CAC818FBB22F0072BA73 /* UIKit.framework in Frameworks */,
				8535CAC718FBB22F0072BA73 /* Foundation.framework in Frameworks */,
			);
			runOnlyForDeploymentPostprocessing = 0;
		};
/* End PBXFrameworksBuildPhase section */

/* Begin PBXGroup section */
		8535CA9A18FBB22F0072BA73 = {
			isa = PBXGroup;
			children = (
				8535CAAC18FBB22F0072BA73 /* Day4Storyboard2 */,
				8535CACB18FBB22F0072BA73 /* Day4Storyboard2Tests */,
				8535CAA518FBB22F0072BA73 /* Frameworks */,
				8535CAA418FBB22F0072BA73 /* Products */,
			);
			sourceTree = "<group>";
		};
		8535CAA418FBB22F0072BA73 /* Products */ = {
			isa = PBXGroup;
			children = (
				8535CAA318FBB22F0072BA73 /* Day4Storyboard2.app */,
				8535CAC418FBB22F0072BA73 /* Day4Storyboard2Tests.xctest */,
			);
			name = Products;
			sourceTree = "<group>";
		};
		8535CAA518FBB22F0072BA73 /* Frameworks */ = {
			isa = PBXGroup;
			children = (
				8535CAA618FBB22F0072BA73 /* Foundation.framework */,
				8535CAA818FBB22F0072BA73 /* CoreGraphics.framework */,
				8535CAAA18FBB22F0072BA73 /* UIKit.framework */,
				8535CAC518FBB22F0072BA73 /* XCTest.framework */,
			);
			name = Frameworks;
			sourceTree = "<group>";
		};
		8535CAAC18FBB22F0072BA73 /* Day4Storyboard2 */ = {
			isa = PBXGroup;
			children = (
				8535CAB518FBB22F0072BA73 /* TRAppDelegate.h */,
				8535CAB618FBB22F0072BA73 /* TRAppDelegate.m */,
				8535CAB818FBB22F0072BA73 /* Main.storyboard */,
				8535CABB18FBB22F0072BA73 /* TRViewController.h */,
				8535CABC18FBB22F0072BA73 /* TRViewController.m */,
				8535CADB18FBB2790072BA73 /* TRSecondViewController.h */,
				8535CADC18FBB2790072BA73 /* TRSecondViewController.m */,
				8535CABE18FBB22F0072BA73 /* Images.xcassets */,
				8535CAAD18FBB22F0072BA73 /* Supporting Files */,
			);
			path = Day4Storyboard2;
			sourceTree = "<group>";
		};
		8535CAAD18FBB22F0072BA73 /* Supporting Files */ = {
			isa = PBXGroup;
			children = (
				8535CAAE18FBB22F0072BA73 /* Day4Storyboard2-Info.plist */,
				8535CAAF18FBB22F0072BA73 /* InfoPlist.strings */,
				8535CAB218FBB22F0072BA73 /* main.m */,
				8535CAB418FBB22F0072BA73 /* Day4Storyboard2-Prefix.pch */,
			);
			name = "Supporting Files";
			sourceTree = "<group>";
		};
		8535CACB18FBB22F0072BA73 /* Day4Storyboard2Tests */ = {
			isa = PBXGroup;
			children = (
				8535CAD118FBB22F0072BA73 /* Day4Storyboard2Tests.m */,
				8535CACC18FBB22F0072BA73 /* Supporting Files */,
			);
			path = Day4Storyboard2Tests;
			sourceTree = "<group>";
		};
		8535CACC18FBB22F0072BA73 /* Supporting Files */ = {
			isa = PBXGroup;
			children = (
				8535CACD18FBB22F0072BA73 /* Day4Storyboard2Tests-Info.plist */,
				8535CACE18FBB22F0072BA73 /* InfoPlist.strings */,
			);
			name = "Supporting Files";
			sourceTree = "<group>";
		};
/* End PBXGroup section */

/* Begin PBXNativeTarget section */
		8535CAA218FBB22F0072BA73 /* Day4Storyboard2 */ = {
			isa = PBXNativeTarget;
			buildConfigurationList = 8535CAD518FBB22F0072BA73 /* Build configuration list for PBXNativeTarget "Day4Storyboard2" */;
			buildPhases = (
				8535CA9F18FBB22F0072BA73 /* Sources */,
				8535CAA018FBB22F0072BA73 /* Frameworks */,
				8535CAA118FBB22F0072BA73 /* Resources */,
			);
			buildRules = (
			);
			dependencies = (
			);
			name = Day4Storyboard2;
			productName = Day4Storyboard2;
			productReference = 8535CAA318FBB22F0072BA73 /* Day4Storyboard2.app */;
			productType = "com.apple.product-type.application";
		};
		8535CAC318FBB22F0072BA73 /* Day4Storyboard2Tests */ = {
			isa = PBXNativeTarget;
			buildConfigurationList = 8535CAD818FBB22F0072BA73 /* Build configuration list for PBXNativeTarget "Day4Storyboard2Tests" */;
			buildPhases = (
				8535CAC018FBB22F0072BA73 /* Sources */,
				8535CAC118FBB22F0072BA73 /* Frameworks */,
				8535CAC218FBB22F0072BA73 /* Resources */,
			);
			buildRules = (
			);
			dependencies = (
				8535CACA18FBB22F0072BA73 /* PBXTargetDependency */,
			);
			name = Day4Storyboard2Tests;
			productName = Day4Storyboard2Tests;
			productReference = 8535CAC418FBB22F0072BA73 /* Day4Storyboard2Tests.xctest */;
			productType = "com.apple.product-type.bundle.unit-test";
		};
/* End PBXNativeTarget section */

/* Begin PBXProject section */
		8535CA9B18FBB22F0072BA73 /* Project object */ = {
			isa = PBXProject;
			attributes = {
				CLASSPREFIX = TR;
				LastUpgradeCheck = 0500;
				ORGANIZATIONNAME = tarena;
				TargetAttributes = {
					8535CAC318FBB22F0072BA73 = {
						TestTargetID = 8535CAA218FBB22F0072BA73;
					};
				};
			};
			buildConfigurationList = 8535CA9E18FBB22F0072BA73 /* Build configuration list for PBXProject "Day4Storyboard2" */;
			compatibilityVersion = "Xcode 3.2";
			developmentRegion = English;
			hasScannedForEncodings = 0;
			knownRegions = (
				en,
				Base,
			);
			mainGroup = 8535CA9A18FBB22F0072BA73;
			productRefGroup = 8535CAA418FBB22F0072BA73 /* Products */;
			projectDirPath = "";
			projectRoot = "";
			targets = (
				8535CAA218FBB22F0072BA73 /* Day4Storyboard2 */,
				8535CAC318FBB22F0072BA73 /* Day4Storyboard2Tests */,
			);
		};
/* End PBXProject section */

/* Begin PBXResourcesBuildPhase section */
		8535CAA118FBB22F0072BA73 /* Resources */ = {
			isa = PBXResourcesBuildPhase;
			buildActionMask = 2147483647;
			files = (
				8535CABF18FBB22F0072BA73 /* Images.xcassets in Resources */,
				8535CAB118FBB22F0072BA73 /* InfoPlist.strings in Resources */,
				8535CABA18FBB22F0072BA73 /* Main.storyboard in Resources */,
			);
			runOnlyForDeploymentPostprocessing = 0;
		};
		8535CAC218FBB22F0072BA73 /* Resources */ = {
			isa = PBXResourcesBuildPhase;
			buildActionMask = 2147483647;
			files = (
				8535CAD018FBB22F0072BA73 /* InfoPlist.strings in Resources */,
			);
			runOnlyForDeploymentPostprocessing = 0;
		};
/* End PBXResourcesBuildPhase section */

/* Begin PBXSourcesBuildPhase section */
		8535CA9F18FBB22F0072BA73 /* Sources */ = {
			isa = PBXSourcesBuildPhase;
			buildActionMask = 2147483647;
			files = (
				8535CADD18FBB2790072BA73 /* TRSecondViewController.m in Sources */,
				8535CAB718FBB22F0072BA73 /* TRAppDelegate.m in Sources */,
				8535CAB318FBB22F0072BA73 /* main.m in Sources */,
				8535CABD18FBB22F0072BA73 /* TRViewController.m in Sources */,
			);
			runOnlyForDeploymentPostprocessing = 0;
		};
		8535CAC018FBB22F0072BA73 /* Sources */ = {
			isa = PBXSourcesBuildPhase;
			buildActionMask = 2147483647;
			files = (
				8535CAD218FBB22F0072BA73 /* Day4Storyboard2Tests.m in Sources */,
			);
			runOnlyForDeploymentPostprocessing = 0;
		};
/* End PBXSourcesBuildPhase section */

/* Begin PBXTargetDependency section */
		8535CACA18FBB22F0072BA73 /* PBXTargetDependency */ = {
			isa = PBXTargetDependency;
			target = 8535CAA218FBB22F0072BA73 /* Day4Storyboard2 */;
			targetProxy = 8535CAC918FBB22F0072BA73 /* PBXContainerItemProxy */;
		};
/* End PBXTargetDependency section */

/* Begin PBXVariantGroup section */
		8535CAAF18FBB22F0072BA73 /* InfoPlist.strings */ = {
			isa = PBXVariantGroup;
			children = (
				8535CAB018FBB22F0072BA73 /* en */,
			);
			name = InfoPlist.strings;
			sourceTree = "<group>";
		};
		8535CAB818FBB22F0072BA73 /* Main.storyboard */ = {
			isa = PBXVariantGroup;
			children = (
				8535CAB918FBB22F0072BA73 /* Base */,
			);
			name = Main.storyboard;
			sourceTree = "<group>";
		};
		8535CACE18FBB22F0072BA73 /* InfoPlist.strings */ = {
			isa = PBXVariantGroup;
			children = (
				8535CACF18FBB22F0072BA73 /* en */,
			);
			name = InfoPlist.strings;
			sourceTree = "<group>";
		};
/* End PBXVariantGroup section */

/* Begin XCBuildConfiguration section */
		8535CAD318FBB22F0072BA73 /* Debug */ = {
			isa = XCBuildConfiguration;
			buildSettings = {
				ALWAYS_SEARCH_USER_PATHS = NO;
				ARCHS = "$(ARCHS_STANDARD_INCLUDING_64_BIT)";
				CLANG_CXX_LANGUAGE_STANDARD = "gnu++0x";
				CLANG_CXX_LIBRARY = "libc++";
				CLANG_ENABLE_MODULES = YES;
				CLANG_ENABLE_OBJC_ARC = YES;
				CLANG_WARN_BOOL_CONVERSION = YES;
				CLANG_WARN_CONSTANT_CONVERSION = YES;
				CLANG_WARN_DIRECT_OBJC_ISA_USAGE = YES_ERROR;
				CLANG_WARN_EMPTY_BODY = YES;
				CLANG_WARN_ENUM_CONVERSION = YES;
				CLANG_WARN_INT_CONVERSION = YES;
				CLANG_WARN_OBJC_ROOT_CLASS = YES_ERROR;
				CLANG_WARN__DUPLICATE_METHOD_MATCH = YES;
				"CODE_SIGN_IDENTITY[sdk=iphoneos*]" = "iPhone Developer";
				COPY_PHASE_STRIP = NO;
				GCC_C_LANGUAGE_STANDARD = gnu99;
				GCC_DYNAMIC_NO_PIC = NO;
				GCC_OPTIMIZATION_LEVEL = 0;
				GCC_PREPROCESSOR_DEFINITIONS = (
					"DEBUG=1",
					"$(inherited)",
				);
				GCC_SYMBOLS_PRIVATE_EXTERN = NO;
				GCC_WARN_64_TO_32_BIT_CONVERSION = YES;
				GCC_WARN_ABOUT_RETURN_TYPE = YES_ERROR;
				GCC_WARN_UNDECLARED_SELECTOR = YES;
				GCC_WARN_UNINITIALIZED_AUTOS = YES;
				GCC_WARN_UNUSED_FUNCTION = YES;
				GCC_WARN_UNUSED_VARIABLE = YES;
				IPHONEOS_DEPLOYMENT_TARGET = 7.0;
				ONLY_ACTIVE_ARCH = YES;
				SDKROOT = iphoneos;
			};
			name = Debug;
		};
		8535CAD418FBB22F0072BA73 /* Release */ = {
			isa = XCBuildConfiguration;
			buildSettings = {
				ALWAYS_SEARCH_USER_PATHS = NO;
				ARCHS = "$(ARCHS_STANDARD_INCLUDING_64_BIT)";
				CLANG_CXX_LANGUAGE_STANDARD = "gnu++0x";
				CLANG_CXX_LIBRARY = "libc++";
				CLANG_ENABLE_MODULES = YES;
				CLANG_ENABLE_OBJC_ARC = YES;
				CLANG_WARN_BOOL_CONVERSION = YES;
				CLANG_WARN_CONSTANT_CONVERSION = YES;
				CLANG_WARN_DIRECT_OBJC_ISA_USAGE = YES_ERROR;
				CLANG_WARN_EMPTY_BODY = YES;
				CLANG_WARN_ENUM_CONVERSION = YES;
				CLANG_WARN_INT_CONVERSION = YES;
				CLANG_WARN_OBJC_ROOT_CLASS = YES_ERROR;
				CLANG_WARN__DUPLICATE_METHOD_MATCH = YES;
				"CODE_SIGN_IDENTITY[sdk=iphoneos*]" = "iPhone Developer";
				COPY_PHASE_STRIP = YES;
				ENABLE_NS_ASSERTIONS = NO;
				GCC_C_LANGUAGE_STANDARD = gnu99;
				GCC_WARN_64_TO_32_BIT_CONVERSION = YES;
				GCC_WARN_ABOUT_RETURN_TYPE = YES_ERROR;
				GCC_WARN_UNDECLARED_SELECTOR = YES;
				GCC_WARN_UNINITIALIZED_AUTOS = YES;
				GCC_WARN_UNUSED_FUNCTION = YES;
				GCC_WARN_UNUSED_VARIABLE = YES;
				IPHONEOS_DEPLOYMENT_TARGET = 7.0;
				SDKROOT = iphoneos;
				VALIDATE_PRODUCT = YES;
			};
			name = Release;
		};
		8535CAD618FBB22F0072BA73 /* Debug */ = {
			isa = XCBuildConfiguration;
			buildSettings = {
				ASSETCATALOG_COMPILER_APPICON_NAME = AppIcon;
				ASSETCATALOG_COMPILER_LAUNCHIMAGE_NAME = LaunchImage;
				GCC_PRECOMPILE_PREFIX_HEADER = YES;
				GCC_PREFIX_HEADER = "Day4Storyboard2/Day4Storyboard2-Prefix.pch";
				INFOPLIST_FILE = "Day4Storyboard2/Day4Storyboard2-Info.plist";
				PRODUCT_NAME = "$(TARGET_NAME)";
				WRAPPER_EXTENSION = app;
			};
			name = Debug;
		};
		8535CAD718FBB22F0072BA73 /* Release */ = {
			isa = XCBuildConfiguration;
			buildSettings = {
				ASSETCATALOG_COMPILER_APPICON_NAME = AppIcon;
				ASSETCATALOG_COMPILER_LAUNCHIMAGE_NAME = LaunchImage;
				GCC_PRECOMPILE_PREFIX_HEADER = YES;
				GCC_PREFIX_HEADER = "Day4Storyboard2/Day4Storyboard2-Prefix.pch";
				INFOPLIST_FILE = "Day4Storyboard2/Day4Storyboard2-Info.plist";
				PRODUCT_NAME = "$(TARGET_NAME)";
				WRAPPER_EXTENSION = app;
			};
			name = Release;
		};
		8535CAD918FBB22F0072BA73 /* Debug */ = {
			isa = XCBuildConfiguration;
			buildSettings = {
				ARCHS = "$(ARCHS_STANDARD_INCLUDING_64_BIT)";
				BUNDLE_LOADER = "$(BUILT_PRODUCTS_DIR)/Day4Storyboard2.app/Day4Storyboard2";
				FRAMEWORK_SEARCH_PATHS = (
					"$(SDKROOT)/Developer/Library/Frameworks",
					"$(inherited)",
					"$(DEVELOPER_FRAMEWORKS_DIR)",
				);
				GCC_PRECOMPILE_PREFIX_HEADER = YES;
				GCC_PREFIX_HEADER = "Day4Storyboard2/Day4Storyboard2-Prefix.pch";
				GCC_PREPROCESSOR_DEFINITIONS = (
					"DEBUG=1",
					"$(inherited)",
				);
				INFOPLIST_FILE = "Day4Storyboard2Tests/Day4Storyboard2Tests-Info.plist";
				PRODUCT_NAME = "$(TARGET_NAME)";
				TEST_HOST = "$(BUNDLE_LOADER)";
				WRAPPER_EXTENSION = xctest;
			};
			name = Debug;
		};
		8535CADA18FBB22F0072BA73 /* Release */ = {
			isa = XCBuildConfiguration;
			buildSettings = {
				ARCHS = "$(ARCHS_STANDARD_INCLUDING_64_BIT)";
				BUNDLE_LOADER = "$(BUILT_PRODUCTS_DIR)/Day4Storyboard2.app/Day4Storyboard2";
				FRAMEWORK_SEARCH_PATHS = (
					"$(SDKROOT)/Developer/Library/Frameworks",
					"$(inherited)",
					"$(DEVELOPER_FRAMEWORKS_DIR)",
				);
				GCC_PRECOMPILE_PREFIX_HEADER = YES;
				GCC_PREFIX_HEADER = "Day4Storyboard2/Day4Storyboard2-Prefix.pch";
				INFOPLIST_FILE = "Day4Storyboard2Tests/Day4Storyboard2Tests-Info.plist";
				PRODUCT_NAME = "$(TARGET_NAME)";
				TEST_HOST = "$(BUNDLE_LOADER)";
				WRAPPER_EXTENSION = xctest;
			};
			name = Release;
		};
/* End XCBuildConfiguration section */

/* Begin XCConfigurationList section */
		8535CA9E18FBB22F0072BA73 /* Build configuration list for PBXProject "Day4Storyboard2" */ = {
			isa = XCConfigurationList;
			buildConfigurations = (
				8535CAD318FBB22F0072BA73 /* Debug */,
				8535CAD418FBB22F0072BA73 /* Release */,
			);
			defaultConfigurationIsVisible = 0;
			defaultConfigurationName = Release;
		};
		8535CAD518FBB22F0072BA73 /* Build configuration list for PBXNativeTarget "Day4Storyboard2" */ = {
			isa = XCConfigurationList;
			buildConfigurations = (
				8535CAD618FBB22F0072BA73 /* Debug */,
				8535CAD718FBB22F0072BA73 /* Release */,
			);
			defaultConfigurationIsVisible = 0;
		};
		8535CAD818FBB22F0072BA73 /* Build configuration list for PBXNativeTarget "Day4Storyboard2Tests" */ = {
			isa = XCConfigurationList;
			buildConfigurations = (
				8535CAD918FBB22F0072BA73 /* Debug */,
				8535CADA18FBB22F0072BA73 /* Release */,
			);
			defaultConfigurationIsVisible = 0;
		};
/* End XCConfigurationList section */
	};
	rootObject = 8535CA9B18FBB22F0072BA73 /* Project object */;
}
