// !$*UTF8*$!
{
	archiveVersion = 1;
	classes = {
	};
	objectVersion = 46;
	objects = {

/* Begin PBXBuildFile section */
		85C3514F18F77D1500947284 /* Foundation.framework in Frameworks */ = {isa = PBXBuildFile; fileRef = 85C3514E18F77D1500947284 /* Foundation.framework */; };
		85C3515118F77D1500947284 /* CoreGraphics.framework in Frameworks */ = {isa = PBXBuildFile; fileRef = 85C3515018F77D1500947284 /* CoreGraphics.framework */; };
		85C3515318F77D1500947284 /* UIKit.framework in Frameworks */ = {isa = PBXBuildFile; fileRef = 85C3515218F77D1500947284 /* UIKit.framework */; };
		85C3515918F77D1500947284 /* InfoPlist.strings in Resources */ = {isa = PBXBuildFile; fileRef = 85C3515718F77D1500947284 /* InfoPlist.strings */; };
		85C3515B18F77D1500947284 /* main.m in Sources */ = {isa = PBXBuildFile; fileRef = 85C3515A18F77D1500947284 /* main.m */; };
		85C3515F18F77D1500947284 /* TRAppDelegate.m in Sources */ = {isa = PBXBuildFile; fileRef = 85C3515E18F77D1500947284 /* TRAppDelegate.m */; };
		85C3516218F77D1500947284 /* Main.storyboard in Resources */ = {isa = PBXBuildFile; fileRef = 85C3516018F77D1500947284 /* Main.storyboard */; };
		85C3516518F77D1500947284 /* TRViewController.m in Sources */ = {isa = PBXBuildFile; fileRef = 85C3516418F77D1500947284 /* TRViewController.m */; };
		85C3516718F77D1500947284 /* Images.xcassets in Resources */ = {isa = PBXBuildFile; fileRef = 85C3516618F77D1500947284 /* Images.xcassets */; };
		85C3516E18F77D1500947284 /* XCTest.framework in Frameworks */ = {isa = PBXBuildFile; fileRef = 85C3516D18F77D1500947284 /* XCTest.framework */; };
		85C3516F18F77D1500947284 /* Foundation.framework in Frameworks */ = {isa = PBXBuildFile; fileRef = 85C3514E18F77D1500947284 /* Foundation.framework */; };
		85C3517018F77D1500947284 /* UIKit.framework in Frameworks */ = {isa = PBXBuildFile; fileRef = 85C3515218F77D1500947284 /* UIKit.framework */; };
		85C3517818F77D1500947284 /* InfoPlist.strings in Resources */ = {isa = PBXBuildFile; fileRef = 85C3517618F77D1500947284 /* InfoPlist.strings */; };
		85C3517A18F77D1500947284 /* Day3TableView1Tests.m in Sources */ = {isa = PBXBuildFile; fileRef = 85C3517918F77D1500947284 /* Day3TableView1Tests.m */; };
/* End PBXBuildFile section */

/* Begin PBXContainerItemProxy section */
		85C3517118F77D1500947284 /* PBXContainerItemProxy */ = {
			isa = PBXContainerItemProxy;
			containerPortal = 85C3514318F77D1500947284 /* Project object */;
			proxyType = 1;
			remoteGlobalIDString = 85C3514A18F77D1500947284;
			remoteInfo = Day3TableView1;
		};
/* End PBXContainerItemProxy section */

/* Begin PBXFileReference section */
		85C3514B18F77D1500947284 /* Day3TableView1.app */ = {isa = PBXFileReference; explicitFileType = wrapper.application; includeInIndex = 0; path = Day3TableView1.app; sourceTree = BUILT_PRODUCTS_DIR; };
		85C3514E18F77D1500947284 /* Foundation.framework */ = {isa = PBXFileReference; lastKnownFileType = wrapper.framework; name = Foundation.framework; path = System/Library/Frameworks/Foundation.framework; sourceTree = SDKROOT; };
		85C3515018F77D1500947284 /* CoreGraphics.framework */ = {isa = PBXFileReference; lastKnownFileType = wrapper.framework; name = CoreGraphics.framework; path = System/Library/Frameworks/CoreGraphics.framework; sourceTree = SDKROOT; };
		85C3515218F77D1500947284 /* UIKit.framework */ = {isa = PBXFileReference; lastKnownFileType = wrapper.framework; name = UIKit.framework; path = System/Library/Frameworks/UIKit.framework; sourceTree = SDKROOT; };
		85C3515618F77D1500947284 /* Day3TableView1-Info.plist */ = {isa = PBXFileReference; lastKnownFileType = text.plist.xml; path = "Day3TableView1-Info.plist"; sourceTree = "<group>"; };
		85C3515818F77D1500947284 /* en */ = {isa = PBXFileReference; lastKnownFileType = text.plist.strings; name = en; path = en.lproj/InfoPlist.strings; sourceTree = "<group>"; };
		85C3515A18F77D1500947284 /* main.m */ = {isa = PBXFileReference; lastKnownFileType = sourcecode.c.objc; path = main.m; sourceTree = "<group>"; };
		85C3515C18F77D1500947284 /* Day3TableView1-Prefix.pch */ = {isa = PBXFileReference; lastKnownFileType = sourcecode.c.h; path = "Day3TableView1-Prefix.pch"; sourceTree = "<group>"; };
		85C3515D18F77D1500947284 /* TRAppDelegate.h */ = {isa = PBXFileReference; lastKnownFileType = sourcecode.c.h; path = TRAppDelegate.h; sourceTree = "<group>"; };
		85C3515E18F77D1500947284 /* TRAppDelegate.m */ = {isa = PBXFileReference; lastKnownFileType = sourcecode.c.objc; path = TRAppDelegate.m; sourceTree = "<group>"; };
		85C3516118F77D1500947284 /* Base */ = {isa = PBXFileReference; lastKnownFileType = file.storyboard; name = Base; path = Base.lproj/Main.storyboard; sourceTree = "<group>"; };
		85C3516318F77D1500947284 /* TRViewController.h */ = {isa = PBXFileReference; lastKnownFileType = sourcecode.c.h; path = TRViewController.h; sourceTree = "<group>"; };
		85C3516418F77D1500947284 /* TRViewController.m */ = {isa = PBXFileReference; lastKnownFileType = sourcecode.c.objc; path = TRViewController.m; sourceTree = "<group>"; };
		85C3516618F77D1500947284 /* Images.xcassets */ = {isa = PBXFileReference; lastKnownFileType = folder.assetcatalog; path = Images.xcassets; sourceTree = "<group>"; };
		85C3516C18F77D1500947284 /* Day3TableView1Tests.xctest */ = {isa = PBXFileReference; explicitFileType = wrapper.cfbundle; includeInIndex = 0; path = Day3TableView1Tests.xctest; sourceTree = BUILT_PRODUCTS_DIR; };
		85C3516D18F77D1500947284 /* XCTest.framework */ = {isa = PBXFileReference; lastKnownFileType = wrapper.framework; name = XCTest.framework; path = Library/Frameworks/XCTest.framework; sourceTree = DEVELOPER_DIR; };
		85C3517518F77D1500947284 /* Day3TableView1Tests-Info.plist */ = {isa = PBXFileReference; lastKnownFileType = text.plist.xml; path = "Day3TableView1Tests-Info.plist"; sourceTree = "<group>"; };
		85C3517718F77D1500947284 /* en */ = {isa = PBXFileReference; lastKnownFileType = text.plist.strings; name = en; path = en.lproj/InfoPlist.strings; sourceTree = "<group>"; };
		85C3517918F77D1500947284 /* Day3TableView1Tests.m */ = {isa = PBXFileReference; lastKnownFileType = sourcecode.c.objc; path = Day3TableView1Tests.m; sourceTree = "<group>"; };
/* End PBXFileReference section */

/* Begin PBXFrameworksBuildPhase section */
		85C3514818F77D1500947284 /* Frameworks */ = {
			isa = PBXFrameworksBuildPhase;
			buildActionMask = 2147483647;
			files = (
				85C3515118F77D1500947284 /* CoreGraphics.framework in Frameworks */,
				85C3515318F77D1500947284 /* UIKit.framework in Frameworks */,
				85C3514F18F77D1500947284 /* Foundation.framework in Frameworks */,
			);
			runOnlyForDeploymentPostprocessing = 0;
		};
		85C3516918F77D1500947284 /* Frameworks */ = {
			isa = PBXFrameworksBuildPhase;
			buildActionMask = 2147483647;
			files = (
				85C3516E18F77D1500947284 /* XCTest.framework in Frameworks */,
				85C3517018F77D1500947284 /* UIKit.framework in Frameworks */,
				85C3516F18F77D1500947284 /* Foundation.framework in Frameworks */,
			);
			runOnlyForDeploymentPostprocessing = 0;
		};
/* End PBXFrameworksBuildPhase section */

/* Begin PBXGroup section */
		85C3514218F77D1500947284 = {
			isa = PBXGroup;
			children = (
				85C3515418F77D1500947284 /* Day3TableView1 */,
				85C3517318F77D1500947284 /* Day3TableView1Tests */,
				85C3514D18F77D1500947284 /* Frameworks */,
				85C3514C18F77D1500947284 /* Products */,
			);
			sourceTree = "<group>";
		};
		85C3514C18F77D1500947284 /* Products */ = {
			isa = PBXGroup;
			children = (
				85C3514B18F77D1500947284 /* Day3TableView1.app */,
				85C3516C18F77D1500947284 /* Day3TableView1Tests.xctest */,
			);
			name = Products;
			sourceTree = "<group>";
		};
		85C3514D18F77D1500947284 /* Frameworks */ = {
			isa = PBXGroup;
			children = (
				85C3514E18F77D1500947284 /* Foundation.framework */,
				85C3515018F77D1500947284 /* CoreGraphics.framework */,
				85C3515218F77D1500947284 /* UIKit.framework */,
				85C3516D18F77D1500947284 /* XCTest.framework */,
			);
			name = Frameworks;
			sourceTree = "<group>";
		};
		85C3515418F77D1500947284 /* Day3TableView1 */ = {
			isa = PBXGroup;
			children = (
				85C3515D18F77D1500947284 /* TRAppDelegate.h */,
				85C3515E18F77D1500947284 /* TRAppDelegate.m */,
				85C3516018F77D1500947284 /* Main.storyboard */,
				85C3516318F77D1500947284 /* TRViewController.h */,
				85C3516418F77D1500947284 /* TRViewController.m */,
				85C3516618F77D1500947284 /* Images.xcassets */,
				85C3515518F77D1500947284 /* Supporting Files */,
			);
			path = Day3TableView1;
			sourceTree = "<group>";
		};
		85C3515518F77D1500947284 /* Supporting Files */ = {
			isa = PBXGroup;
			children = (
				85C3515618F77D1500947284 /* Day3TableView1-Info.plist */,
				85C3515718F77D1500947284 /* InfoPlist.strings */,
				85C3515A18F77D1500947284 /* main.m */,
				85C3515C18F77D1500947284 /* Day3TableView1-Prefix.pch */,
			);
			name = "Supporting Files";
			sourceTree = "<group>";
		};
		85C3517318F77D1500947284 /* Day3TableView1Tests */ = {
			isa = PBXGroup;
			children = (
				85C3517918F77D1500947284 /* Day3TableView1Tests.m */,
				85C3517418F77D1500947284 /* Supporting Files */,
			);
			path = Day3TableView1Tests;
			sourceTree = "<group>";
		};
		85C3517418F77D1500947284 /* Supporting Files */ = {
			isa = PBXGroup;
			children = (
				85C3517518F77D1500947284 /* Day3TableView1Tests-Info.plist */,
				85C3517618F77D1500947284 /* InfoPlist.strings */,
			);
			name = "Supporting Files";
			sourceTree = "<group>";
		};
/* End PBXGroup section */

/* Begin PBXNativeTarget section */
		85C3514A18F77D1500947284 /* Day3TableView1 */ = {
			isa = PBXNativeTarget;
			buildConfigurationList = 85C3517D18F77D1500947284 /* Build configuration list for PBXNativeTarget "Day3TableView1" */;
			buildPhases = (
				85C3514718F77D1500947284 /* Sources */,
				85C3514818F77D1500947284 /* Frameworks */,
				85C3514918F77D1500947284 /* Resources */,
			);
			buildRules = (
			);
			dependencies = (
			);
			name = Day3TableView1;
			productName = Day3TableView1;
			productReference = 85C3514B18F77D1500947284 /* Day3TableView1.app */;
			productType = "com.apple.product-type.application";
		};
		85C3516B18F77D1500947284 /* Day3TableView1Tests */ = {
			isa = PBXNativeTarget;
			buildConfigurationList = 85C3518018F77D1500947284 /* Build configuration list for PBXNativeTarget "Day3TableView1Tests" */;
			buildPhases = (
				85C3516818F77D1500947284 /* Sources */,
				85C3516918F77D1500947284 /* Frameworks */,
				85C3516A18F77D1500947284 /* Resources */,
			);
			buildRules = (
			);
			dependencies = (
				85C3517218F77D1500947284 /* PBXTargetDependency */,
			);
			name = Day3TableView1Tests;
			productName = Day3TableView1Tests;
			productReference = 85C3516C18F77D1500947284 /* Day3TableView1Tests.xctest */;
			productType = "com.apple.product-type.bundle.unit-test";
		};
/* End PBXNativeTarget section */

/* Begin PBXProject section */
		85C3514318F77D1500947284 /* Project object */ = {
			isa = PBXProject;
			attributes = {
				CLASSPREFIX = TR;
				LastUpgradeCheck = 0500;
				ORGANIZATIONNAME = tarena;
				TargetAttributes = {
					85C3516B18F77D1500947284 = {
						TestTargetID = 85C3514A18F77D1500947284;
					};
				};
			};
			buildConfigurationList = 85C3514618F77D1500947284 /* Build configuration list for PBXProject "Day3TableView1" */;
			compatibilityVersion = "Xcode 3.2";
			developmentRegion = English;
			hasScannedForEncodings = 0;
			knownRegions = (
				en,
				Base,
			);
			mainGroup = 85C3514218F77D1500947284;
			productRefGroup = 85C3514C18F77D1500947284 /* Products */;
			projectDirPath = "";
			projectRoot = "";
			targets = (
				85C3514A18F77D1500947284 /* Day3TableView1 */,
				85C3516B18F77D1500947284 /* Day3TableView1Tests */,
			);
		};
/* End PBXProject section */

/* Begin PBXResourcesBuildPhase section */
		85C3514918F77D1500947284 /* Resources */ = {
			isa = PBXResourcesBuildPhase;
			buildActionMask = 2147483647;
			files = (
				85C3516718F77D1500947284 /* Images.xcassets in Resources */,
				85C3515918F77D1500947284 /* InfoPlist.strings in Resources */,
				85C3516218F77D1500947284 /* Main.storyboard in Resources */,
			);
			runOnlyForDeploymentPostprocessing = 0;
		};
		85C3516A18F77D1500947284 /* Resources */ = {
			isa = PBXResourcesBuildPhase;
			buildActionMask = 2147483647;
			files = (
				85C3517818F77D1500947284 /* InfoPlist.strings in Resources */,
			);
			runOnlyForDeploymentPostprocessing = 0;
		};
/* End PBXResourcesBuildPhase section */

/* Begin PBXSourcesBuildPhase section */
		85C3514718F77D1500947284 /* Sources */ = {
			isa = PBXSourcesBuildPhase;
			buildActionMask = 2147483647;
			files = (
				85C3515F18F77D1500947284 /* TRAppDelegate.m in Sources */,
				85C3515B18F77D1500947284 /* main.m in Sources */,
				85C3516518F77D1500947284 /* TRViewController.m in Sources */,
			);
			runOnlyForDeploymentPostprocessing = 0;
		};
		85C3516818F77D1500947284 /* Sources */ = {
			isa = PBXSourcesBuildPhase;
			buildActionMask = 2147483647;
			files = (
				85C3517A18F77D1500947284 /* Day3TableView1Tests.m in Sources */,
			);
			runOnlyForDeploymentPostprocessing = 0;
		};
/* End PBXSourcesBuildPhase section */

/* Begin PBXTargetDependency section */
		85C3517218F77D1500947284 /* PBXTargetDependency */ = {
			isa = PBXTargetDependency;
			target = 85C3514A18F77D1500947284 /* Day3TableView1 */;
			targetProxy = 85C3517118F77D1500947284 /* PBXContainerItemProxy */;
		};
/* End PBXTargetDependency section */

/* Begin PBXVariantGroup section */
		85C3515718F77D1500947284 /* InfoPlist.strings */ = {
			isa = PBXVariantGroup;
			children = (
				85C3515818F77D1500947284 /* en */,
			);
			name = InfoPlist.strings;
			sourceTree = "<group>";
		};
		85C3516018F77D1500947284 /* Main.storyboard */ = {
			isa = PBXVariantGroup;
			children = (
				85C3516118F77D1500947284 /* Base */,
			);
			name = Main.storyboard;
			sourceTree = "<group>";
		};
		85C3517618F77D1500947284 /* InfoPlist.strings */ = {
			isa = PBXVariantGroup;
			children = (
				85C3517718F77D1500947284 /* en */,
			);
			name = InfoPlist.strings;
			sourceTree = "<group>";
		};
/* End PBXVariantGroup section */

/* Begin XCBuildConfiguration section */
		85C3517B18F77D1500947284 /* Debug */ = {
			isa = XCBuildConfiguration;
			buildSettings = {
				ALWAYS_SEARCH_USER_PATHS = NO;
				ARCHS = "$(ARCHS_STANDARD_INCLUDING_64_BIT)";
				CLANG_CXX_LANGUAGE_STANDARD = "gnu++0x";
				CLANG_CXX_LIBRARY = "libc++";
				CLANG_ENABLE_MODULES = YES;
				CLANG_ENABLE_OBJC_ARC = YES;
				CLANG_WARN_BOOL_CONVERSION = YES;
				CLANG_WARN_CONSTANT_CONVERSION = YES;
				CLANG_WARN_DIRECT_OBJC_ISA_USAGE = YES_ERROR;
				CLANG_WARN_EMPTY_BODY = YES;
				CLANG_WARN_ENUM_CONVERSION = YES;
				CLANG_WARN_INT_CONVERSION = YES;
				CLANG_WARN_OBJC_ROOT_CLASS = YES_ERROR;
				CLANG_WARN__DUPLICATE_METHOD_MATCH = YES;
				"CODE_SIGN_IDENTITY[sdk=iphoneos*]" = "iPhone Developer";
				COPY_PHASE_STRIP = NO;
				GCC_C_LANGUAGE_STANDARD = gnu99;
				GCC_DYNAMIC_NO_PIC = NO;
				GCC_OPTIMIZATION_LEVEL = 0;
				GCC_PREPROCESSOR_DEFINITIONS = (
					"DEBUG=1",
					"$(inherited)",
				);
				GCC_SYMBOLS_PRIVATE_EXTERN = NO;
				GCC_WARN_64_TO_32_BIT_CONVERSION = YES;
				GCC_WARN_ABOUT_RETURN_TYPE = YES_ERROR;
				GCC_WARN_UNDECLARED_SELECTOR = YES;
				GCC_WARN_UNINITIALIZED_AUTOS = YES;
				GCC_WARN_UNUSED_FUNCTION = YES;
				GCC_WARN_UNUSED_VARIABLE = YES;
				IPHONEOS_DEPLOYMENT_TARGET = 7.0;
				ONLY_ACTIVE_ARCH = YES;
				SDKROOT = iphoneos;
			};
			name = Debug;
		};
		85C3517C18F77D1500947284 /* Release */ = {
			isa = XCBuildConfiguration;
			buildSettings = {
				ALWAYS_SEARCH_USER_PATHS = NO;
				ARCHS = "$(ARCHS_STANDARD_INCLUDING_64_BIT)";
				CLANG_CXX_LANGUAGE_STANDARD = "gnu++0x";
				CLANG_CXX_LIBRARY = "libc++";
				CLANG_ENABLE_MODULES = YES;
				CLANG_ENABLE_OBJC_ARC = YES;
				CLANG_WARN_BOOL_CONVERSION = YES;
				CLANG_WARN_CONSTANT_CONVERSION = YES;
				CLANG_WARN_DIRECT_OBJC_ISA_USAGE = YES_ERROR;
				CLANG_WARN_EMPTY_BODY = YES;
				CLANG_WARN_ENUM_CONVERSION = YES;
				CLANG_WARN_INT_CONVERSION = YES;
				CLANG_WARN_OBJC_ROOT_CLASS = YES_ERROR;
				CLANG_WARN__DUPLICATE_METHOD_MATCH = YES;
				"CODE_SIGN_IDENTITY[sdk=iphoneos*]" = "iPhone Developer";
				COPY_PHASE_STRIP = YES;
				ENABLE_NS_ASSERTIONS = NO;
				GCC_C_LANGUAGE_STANDARD = gnu99;
				GCC_WARN_64_TO_32_BIT_CONVERSION = YES;
				GCC_WARN_ABOUT_RETURN_TYPE = YES_ERROR;
				GCC_WARN_UNDECLARED_SELECTOR = YES;
				GCC_WARN_UNINITIALIZED_AUTOS = YES;
				GCC_WARN_UNUSED_FUNCTION = YES;
				GCC_WARN_UNUSED_VARIABLE = YES;
				IPHONEOS_DEPLOYMENT_TARGET = 7.0;
				SDKROOT = iphoneos;
				VALIDATE_PRODUCT = YES;
			};
			name = Release;
		};
		85C3517E18F77D1500947284 /* Debug */ = {
			isa = XCBuildConfiguration;
			buildSettings = {
				ASSETCATALOG_COMPILER_APPICON_NAME = AppIcon;
				ASSETCATALOG_COMPILER_LAUNCHIMAGE_NAME = LaunchImage;
				GCC_PRECOMPILE_PREFIX_HEADER = YES;
				GCC_PREFIX_HEADER = "Day3TableView1/Day3TableView1-Prefix.pch";
				INFOPLIST_FILE = "Day3TableView1/Day3TableView1-Info.plist";
				PRODUCT_NAME = "$(TARGET_NAME)";
				WRAPPER_EXTENSION = app;
			};
			name = Debug;
		};
		85C3517F18F77D1500947284 /* Release */ = {
			isa = XCBuildConfiguration;
			buildSettings = {
				ASSETCATALOG_COMPILER_APPICON_NAME = AppIcon;
				ASSETCATALOG_COMPILER_LAUNCHIMAGE_NAME = LaunchImage;
				GCC_PRECOMPILE_PREFIX_HEADER = YES;
				GCC_PREFIX_HEADER = "Day3TableView1/Day3TableView1-Prefix.pch";
				INFOPLIST_FILE = "Day3TableView1/Day3TableView1-Info.plist";
				PRODUCT_NAME = "$(TARGET_NAME)";
				WRAPPER_EXTENSION = app;
			};
			name = Release;
		};
		85C3518118F77D1500947284 /* Debug */ = {
			isa = XCBuildConfiguration;
			buildSettings = {
				ARCHS = "$(ARCHS_STANDARD_INCLUDING_64_BIT)";
				BUNDLE_LOADER = "$(BUILT_PRODUCTS_DIR)/Day3TableView1.app/Day3TableView1";
				FRAMEWORK_SEARCH_PATHS = (
					"$(SDKROOT)/Developer/Library/Frameworks",
					"$(inherited)",
					"$(DEVELOPER_FRAMEWORKS_DIR)",
				);
				GCC_PRECOMPILE_PREFIX_HEADER = YES;
				GCC_PREFIX_HEADER = "Day3TableView1/Day3TableView1-Prefix.pch";
				GCC_PREPROCESSOR_DEFINITIONS = (
					"DEBUG=1",
					"$(inherited)",
				);
				INFOPLIST_FILE = "Day3TableView1Tests/Day3TableView1Tests-Info.plist";
				PRODUCT_NAME = "$(TARGET_NAME)";
				TEST_HOST = "$(BUNDLE_LOADER)";
				WRAPPER_EXTENSION = xctest;
			};
			name = Debug;
		};
		85C3518218F77D1500947284 /* Release */ = {
			isa = XCBuildConfiguration;
			buildSettings = {
				ARCHS = "$(ARCHS_STANDARD_INCLUDING_64_BIT)";
				BUNDLE_LOADER = "$(BUILT_PRODUCTS_DIR)/Day3TableView1.app/Day3TableView1";
				FRAMEWORK_SEARCH_PATHS = (
					"$(SDKROOT)/Developer/Library/Frameworks",
					"$(inherited)",
					"$(DEVELOPER_FRAMEWORKS_DIR)",
				);
				GCC_PRECOMPILE_PREFIX_HEADER = YES;
				GCC_PREFIX_HEADER = "Day3TableView1/Day3TableView1-Prefix.pch";
				INFOPLIST_FILE = "Day3TableView1Tests/Day3TableView1Tests-Info.plist";
				PRODUCT_NAME = "$(TARGET_NAME)";
				TEST_HOST = "$(BUNDLE_LOADER)";
				WRAPPER_EXTENSION = xctest;
			};
			name = Release;
		};
/* End XCBuildConfiguration section */

/* Begin XCConfigurationList section */
		85C3514618F77D1500947284 /* Build configuration list for PBXProject "Day3TableView1" */ = {
			isa = XCConfigurationList;
			buildConfigurations = (
				85C3517B18F77D1500947284 /* Debug */,
				85C3517C18F77D1500947284 /* Release */,
			);
			defaultConfigurationIsVisible = 0;
			defaultConfigurationName = Release;
		};
		85C3517D18F77D1500947284 /* Build configuration list for PBXNativeTarget "Day3TableView1" */ = {
			isa = XCConfigurationList;
			buildConfigurations = (
				85C3517E18F77D1500947284 /* Debug */,
				85C3517F18F77D1500947284 /* Release */,
			);
			defaultConfigurationIsVisible = 0;
		};
		85C3518018F77D1500947284 /* Build configuration list for PBXNativeTarget "Day3TableView1Tests" */ = {
			isa = XCConfigurationList;
			buildConfigurations = (
				85C3518118F77D1500947284 /* Debug */,
				85C3518218F77D1500947284 /* Release */,
			);
			defaultConfigurationIsVisible = 0;
		};
/* End XCConfigurationList section */
	};
	rootObject = 85C3514318F77D1500947284 /* Project object */;
}
