// !$*UTF8*$!
{
	archiveVersion = 1;
	classes = {
	};
	objectVersion = 46;
	objects = {

/* Begin PBXBuildFile section */
		852F300D18E549F00003ADF3 /* Foundation.framework in Frameworks */ = {isa = PBXBuildFile; fileRef = 852F300C18E549F00003ADF3 /* Foundation.framework */; };
		852F300F18E549F00003ADF3 /* CoreGraphics.framework in Frameworks */ = {isa = PBXBuildFile; fileRef = 852F300E18E549F00003ADF3 /* CoreGraphics.framework */; };
		852F301118E549F00003ADF3 /* UIKit.framework in Frameworks */ = {isa = PBXBuildFile; fileRef = 852F301018E549F00003ADF3 /* UIKit.framework */; };
		852F301718E549F00003ADF3 /* InfoPlist.strings in Resources */ = {isa = PBXBuildFile; fileRef = 852F301518E549F00003ADF3 /* InfoPlist.strings */; };
		852F301918E549F00003ADF3 /* main.m in Sources */ = {isa = PBXBuildFile; fileRef = 852F301818E549F00003ADF3 /* main.m */; };
		852F301D18E549F00003ADF3 /* TRAppDelegate.m in Sources */ = {isa = PBXBuildFile; fileRef = 852F301C18E549F00003ADF3 /* TRAppDelegate.m */; };
		852F301F18E549F00003ADF3 /* Images.xcassets in Resources */ = {isa = PBXBuildFile; fileRef = 852F301E18E549F00003ADF3 /* Images.xcassets */; };
		852F302618E549F00003ADF3 /* XCTest.framework in Frameworks */ = {isa = PBXBuildFile; fileRef = 852F302518E549F00003ADF3 /* XCTest.framework */; };
		852F302718E549F00003ADF3 /* Foundation.framework in Frameworks */ = {isa = PBXBuildFile; fileRef = 852F300C18E549F00003ADF3 /* Foundation.framework */; };
		852F302818E549F00003ADF3 /* UIKit.framework in Frameworks */ = {isa = PBXBuildFile; fileRef = 852F301018E549F00003ADF3 /* UIKit.framework */; };
		852F303018E549F00003ADF3 /* InfoPlist.strings in Resources */ = {isa = PBXBuildFile; fileRef = 852F302E18E549F00003ADF3 /* InfoPlist.strings */; };
		852F303218E549F00003ADF3 /* Demo3_UIButtonTests.m in Sources */ = {isa = PBXBuildFile; fileRef = 852F303118E549F00003ADF3 /* Demo3_UIButtonTests.m */; };
		852F303D18E54A0E0003ADF3 /* TRViewController.m in Sources */ = {isa = PBXBuildFile; fileRef = 852F303C18E54A0E0003ADF3 /* TRViewController.m */; };
/* End PBXBuildFile section */

/* Begin PBXContainerItemProxy section */
		852F302918E549F00003ADF3 /* PBXContainerItemProxy */ = {
			isa = PBXContainerItemProxy;
			containerPortal = 852F300118E549F00003ADF3 /* Project object */;
			proxyType = 1;
			remoteGlobalIDString = 852F300818E549F00003ADF3;
			remoteInfo = Demo3_UIButton;
		};
/* End PBXContainerItemProxy section */

/* Begin PBXFileReference section */
		852F300918E549F00003ADF3 /* Demo3_UIButton.app */ = {isa = PBXFileReference; explicitFileType = wrapper.application; includeInIndex = 0; path = Demo3_UIButton.app; sourceTree = BUILT_PRODUCTS_DIR; };
		852F300C18E549F00003ADF3 /* Foundation.framework */ = {isa = PBXFileReference; lastKnownFileType = wrapper.framework; name = Foundation.framework; path = System/Library/Frameworks/Foundation.framework; sourceTree = SDKROOT; };
		852F300E18E549F00003ADF3 /* CoreGraphics.framework */ = {isa = PBXFileReference; lastKnownFileType = wrapper.framework; name = CoreGraphics.framework; path = System/Library/Frameworks/CoreGraphics.framework; sourceTree = SDKROOT; };
		852F301018E549F00003ADF3 /* UIKit.framework */ = {isa = PBXFileReference; lastKnownFileType = wrapper.framework; name = UIKit.framework; path = System/Library/Frameworks/UIKit.framework; sourceTree = SDKROOT; };
		852F301418E549F00003ADF3 /* Demo3_UIButton-Info.plist */ = {isa = PBXFileReference; lastKnownFileType = text.plist.xml; path = "Demo3_UIButton-Info.plist"; sourceTree = "<group>"; };
		852F301618E549F00003ADF3 /* en */ = {isa = PBXFileReference; lastKnownFileType = text.plist.strings; name = en; path = en.lproj/InfoPlist.strings; sourceTree = "<group>"; };
		852F301818E549F00003ADF3 /* main.m */ = {isa = PBXFileReference; lastKnownFileType = sourcecode.c.objc; path = main.m; sourceTree = "<group>"; };
		852F301A18E549F00003ADF3 /* Demo3_UIButton-Prefix.pch */ = {isa = PBXFileReference; lastKnownFileType = sourcecode.c.h; path = "Demo3_UIButton-Prefix.pch"; sourceTree = "<group>"; };
		852F301B18E549F00003ADF3 /* TRAppDelegate.h */ = {isa = PBXFileReference; lastKnownFileType = sourcecode.c.h; path = TRAppDelegate.h; sourceTree = "<group>"; };
		852F301C18E549F00003ADF3 /* TRAppDelegate.m */ = {isa = PBXFileReference; lastKnownFileType = sourcecode.c.objc; path = TRAppDelegate.m; sourceTree = "<group>"; };
		852F301E18E549F00003ADF3 /* Images.xcassets */ = {isa = PBXFileReference; lastKnownFileType = folder.assetcatalog; path = Images.xcassets; sourceTree = "<group>"; };
		852F302418E549F00003ADF3 /* Demo3_UIButtonTests.xctest */ = {isa = PBXFileReference; explicitFileType = wrapper.cfbundle; includeInIndex = 0; path = Demo3_UIButtonTests.xctest; sourceTree = BUILT_PRODUCTS_DIR; };
		852F302518E549F00003ADF3 /* XCTest.framework */ = {isa = PBXFileReference; lastKnownFileType = wrapper.framework; name = XCTest.framework; path = Library/Frameworks/XCTest.framework; sourceTree = DEVELOPER_DIR; };
		852F302D18E549F00003ADF3 /* Demo3_UIButtonTests-Info.plist */ = {isa = PBXFileReference; lastKnownFileType = text.plist.xml; path = "Demo3_UIButtonTests-Info.plist"; sourceTree = "<group>"; };
		852F302F18E549F00003ADF3 /* en */ = {isa = PBXFileReference; lastKnownFileType = text.plist.strings; name = en; path = en.lproj/InfoPlist.strings; sourceTree = "<group>"; };
		852F303118E549F00003ADF3 /* Demo3_UIButtonTests.m */ = {isa = PBXFileReference; lastKnownFileType = sourcecode.c.objc; path = Demo3_UIButtonTests.m; sourceTree = "<group>"; };
		852F303B18E54A0E0003ADF3 /* TRViewController.h */ = {isa = PBXFileReference; fileEncoding = 4; lastKnownFileType = sourcecode.c.h; path = TRViewController.h; sourceTree = "<group>"; };
		852F303C18E54A0E0003ADF3 /* TRViewController.m */ = {isa = PBXFileReference; fileEncoding = 4; lastKnownFileType = sourcecode.c.objc; path = TRViewController.m; sourceTree = "<group>"; };
/* End PBXFileReference section */

/* Begin PBXFrameworksBuildPhase section */
		852F300618E549F00003ADF3 /* Frameworks */ = {
			isa = PBXFrameworksBuildPhase;
			buildActionMask = 2147483647;
			files = (
				852F300F18E549F00003ADF3 /* CoreGraphics.framework in Frameworks */,
				852F301118E549F00003ADF3 /* UIKit.framework in Frameworks */,
				852F300D18E549F00003ADF3 /* Foundation.framework in Frameworks */,
			);
			runOnlyForDeploymentPostprocessing = 0;
		};
		852F302118E549F00003ADF3 /* Frameworks */ = {
			isa = PBXFrameworksBuildPhase;
			buildActionMask = 2147483647;
			files = (
				852F302618E549F00003ADF3 /* XCTest.framework in Frameworks */,
				852F302818E549F00003ADF3 /* UIKit.framework in Frameworks */,
				852F302718E549F00003ADF3 /* Foundation.framework in Frameworks */,
			);
			runOnlyForDeploymentPostprocessing = 0;
		};
/* End PBXFrameworksBuildPhase section */

/* Begin PBXGroup section */
		852F300018E549F00003ADF3 = {
			isa = PBXGroup;
			children = (
				852F301218E549F00003ADF3 /* Demo3_UIButton */,
				852F302B18E549F00003ADF3 /* Demo3_UIButtonTests */,
				852F300B18E549F00003ADF3 /* Frameworks */,
				852F300A18E549F00003ADF3 /* Products */,
			);
			sourceTree = "<group>";
		};
		852F300A18E549F00003ADF3 /* Products */ = {
			isa = PBXGroup;
			children = (
				852F300918E549F00003ADF3 /* Demo3_UIButton.app */,
				852F302418E549F00003ADF3 /* Demo3_UIButtonTests.xctest */,
			);
			name = Products;
			sourceTree = "<group>";
		};
		852F300B18E549F00003ADF3 /* Frameworks */ = {
			isa = PBXGroup;
			children = (
				852F300C18E549F00003ADF3 /* Foundation.framework */,
				852F300E18E549F00003ADF3 /* CoreGraphics.framework */,
				852F301018E549F00003ADF3 /* UIKit.framework */,
				852F302518E549F00003ADF3 /* XCTest.framework */,
			);
			name = Frameworks;
			sourceTree = "<group>";
		};
		852F301218E549F00003ADF3 /* Demo3_UIButton */ = {
			isa = PBXGroup;
			children = (
				852F301B18E549F00003ADF3 /* TRAppDelegate.h */,
				852F301C18E549F00003ADF3 /* TRAppDelegate.m */,
				852F303B18E54A0E0003ADF3 /* TRViewController.h */,
				852F303C18E54A0E0003ADF3 /* TRViewController.m */,
				852F301E18E549F00003ADF3 /* Images.xcassets */,
				852F301318E549F00003ADF3 /* Supporting Files */,
			);
			path = Demo3_UIButton;
			sourceTree = "<group>";
		};
		852F301318E549F00003ADF3 /* Supporting Files */ = {
			isa = PBXGroup;
			children = (
				852F301418E549F00003ADF3 /* Demo3_UIButton-Info.plist */,
				852F301518E549F00003ADF3 /* InfoPlist.strings */,
				852F301818E549F00003ADF3 /* main.m */,
				852F301A18E549F00003ADF3 /* Demo3_UIButton-Prefix.pch */,
			);
			name = "Supporting Files";
			sourceTree = "<group>";
		};
		852F302B18E549F00003ADF3 /* Demo3_UIButtonTests */ = {
			isa = PBXGroup;
			children = (
				852F303118E549F00003ADF3 /* Demo3_UIButtonTests.m */,
				852F302C18E549F00003ADF3 /* Supporting Files */,
			);
			path = Demo3_UIButtonTests;
			sourceTree = "<group>";
		};
		852F302C18E549F00003ADF3 /* Supporting Files */ = {
			isa = PBXGroup;
			children = (
				852F302D18E549F00003ADF3 /* Demo3_UIButtonTests-Info.plist */,
				852F302E18E549F00003ADF3 /* InfoPlist.strings */,
			);
			name = "Supporting Files";
			sourceTree = "<group>";
		};
/* End PBXGroup section */

/* Begin PBXNativeTarget section */
		852F300818E549F00003ADF3 /* Demo3_UIButton */ = {
			isa = PBXNativeTarget;
			buildConfigurationList = 852F303518E549F00003ADF3 /* Build configuration list for PBXNativeTarget "Demo3_UIButton" */;
			buildPhases = (
				852F300518E549F00003ADF3 /* Sources */,
				852F300618E549F00003ADF3 /* Frameworks */,
				852F300718E549F00003ADF3 /* Resources */,
			);
			buildRules = (
			);
			dependencies = (
			);
			name = Demo3_UIButton;
			productName = Demo3_UIButton;
			productReference = 852F300918E549F00003ADF3 /* Demo3_UIButton.app */;
			productType = "com.apple.product-type.application";
		};
		852F302318E549F00003ADF3 /* Demo3_UIButtonTests */ = {
			isa = PBXNativeTarget;
			buildConfigurationList = 852F303818E549F00003ADF3 /* Build configuration list for PBXNativeTarget "Demo3_UIButtonTests" */;
			buildPhases = (
				852F302018E549F00003ADF3 /* Sources */,
				852F302118E549F00003ADF3 /* Frameworks */,
				852F302218E549F00003ADF3 /* Resources */,
			);
			buildRules = (
			);
			dependencies = (
				852F302A18E549F00003ADF3 /* PBXTargetDependency */,
			);
			name = Demo3_UIButtonTests;
			productName = Demo3_UIButtonTests;
			productReference = 852F302418E549F00003ADF3 /* Demo3_UIButtonTests.xctest */;
			productType = "com.apple.product-type.bundle.unit-test";
		};
/* End PBXNativeTarget section */

/* Begin PBXProject section */
		852F300118E549F00003ADF3 /* Project object */ = {
			isa = PBXProject;
			attributes = {
				CLASSPREFIX = TR;
				LastUpgradeCheck = 0500;
				ORGANIZATIONNAME = tarena;
				TargetAttributes = {
					852F302318E549F00003ADF3 = {
						TestTargetID = 852F300818E549F00003ADF3;
					};
				};
			};
			buildConfigurationList = 852F300418E549F00003ADF3 /* Build configuration list for PBXProject "Demo3_UIButton" */;
			compatibilityVersion = "Xcode 3.2";
			developmentRegion = English;
			hasScannedForEncodings = 0;
			knownRegions = (
				en,
			);
			mainGroup = 852F300018E549F00003ADF3;
			productRefGroup = 852F300A18E549F00003ADF3 /* Products */;
			projectDirPath = "";
			projectRoot = "";
			targets = (
				852F300818E549F00003ADF3 /* Demo3_UIButton */,
				852F302318E549F00003ADF3 /* Demo3_UIButtonTests */,
			);
		};
/* End PBXProject section */

/* Begin PBXResourcesBuildPhase section */
		852F300718E549F00003ADF3 /* Resources */ = {
			isa = PBXResourcesBuildPhase;
			buildActionMask = 2147483647;
			files = (
				852F301718E549F00003ADF3 /* InfoPlist.strings in Resources */,
				852F301F18E549F00003ADF3 /* Images.xcassets in Resources */,
			);
			runOnlyForDeploymentPostprocessing = 0;
		};
		852F302218E549F00003ADF3 /* Resources */ = {
			isa = PBXResourcesBuildPhase;
			buildActionMask = 2147483647;
			files = (
				852F303018E549F00003ADF3 /* InfoPlist.strings in Resources */,
			);
			runOnlyForDeploymentPostprocessing = 0;
		};
/* End PBXResourcesBuildPhase section */

/* Begin PBXSourcesBuildPhase section */
		852F300518E549F00003ADF3 /* Sources */ = {
			isa = PBXSourcesBuildPhase;
			buildActionMask = 2147483647;
			files = (
				852F301D18E549F00003ADF3 /* TRAppDelegate.m in Sources */,
				852F301918E549F00003ADF3 /* main.m in Sources */,
				852F303D18E54A0E0003ADF3 /* TRViewController.m in Sources */,
			);
			runOnlyForDeploymentPostprocessing = 0;
		};
		852F302018E549F00003ADF3 /* Sources */ = {
			isa = PBXSourcesBuildPhase;
			buildActionMask = 2147483647;
			files = (
				852F303218E549F00003ADF3 /* Demo3_UIButtonTests.m in Sources */,
			);
			runOnlyForDeploymentPostprocessing = 0;
		};
/* End PBXSourcesBuildPhase section */

/* Begin PBXTargetDependency section */
		852F302A18E549F00003ADF3 /* PBXTargetDependency */ = {
			isa = PBXTargetDependency;
			target = 852F300818E549F00003ADF3 /* Demo3_UIButton */;
			targetProxy = 852F302918E549F00003ADF3 /* PBXContainerItemProxy */;
		};
/* End PBXTargetDependency section */

/* Begin PBXVariantGroup section */
		852F301518E549F00003ADF3 /* InfoPlist.strings */ = {
			isa = PBXVariantGroup;
			children = (
				852F301618E549F00003ADF3 /* en */,
			);
			name = InfoPlist.strings;
			sourceTree = "<group>";
		};
		852F302E18E549F00003ADF3 /* InfoPlist.strings */ = {
			isa = PBXVariantGroup;
			children = (
				852F302F18E549F00003ADF3 /* en */,
			);
			name = InfoPlist.strings;
			sourceTree = "<group>";
		};
/* End PBXVariantGroup section */

/* Begin XCBuildConfiguration section */
		852F303318E549F00003ADF3 /* Debug */ = {
			isa = XCBuildConfiguration;
			buildSettings = {
				ALWAYS_SEARCH_USER_PATHS = NO;
				ARCHS = "$(ARCHS_STANDARD_INCLUDING_64_BIT)";
				CLANG_CXX_LANGUAGE_STANDARD = "gnu++0x";
				CLANG_CXX_LIBRARY = "libc++";
				CLANG_ENABLE_MODULES = YES;
				CLANG_ENABLE_OBJC_ARC = YES;
				CLANG_WARN_BOOL_CONVERSION = YES;
				CLANG_WARN_CONSTANT_CONVERSION = YES;
				CLANG_WARN_DIRECT_OBJC_ISA_USAGE = YES_ERROR;
				CLANG_WARN_EMPTY_BODY = YES;
				CLANG_WARN_ENUM_CONVERSION = YES;
				CLANG_WARN_INT_CONVERSION = YES;
				CLANG_WARN_OBJC_ROOT_CLASS = YES_ERROR;
				CLANG_WARN__DUPLICATE_METHOD_MATCH = YES;
				"CODE_SIGN_IDENTITY[sdk=iphoneos*]" = "iPhone Developer";
				COPY_PHASE_STRIP = NO;
				GCC_C_LANGUAGE_STANDARD = gnu99;
				GCC_DYNAMIC_NO_PIC = NO;
				GCC_OPTIMIZATION_LEVEL = 0;
				GCC_PREPROCESSOR_DEFINITIONS = (
					"DEBUG=1",
					"$(inherited)",
				);
				GCC_SYMBOLS_PRIVATE_EXTERN = NO;
				GCC_WARN_64_TO_32_BIT_CONVERSION = YES;
				GCC_WARN_ABOUT_RETURN_TYPE = YES_ERROR;
				GCC_WARN_UNDECLARED_SELECTOR = YES;
				GCC_WARN_UNINITIALIZED_AUTOS = YES;
				GCC_WARN_UNUSED_FUNCTION = YES;
				GCC_WARN_UNUSED_VARIABLE = YES;
				IPHONEOS_DEPLOYMENT_TARGET = 7.0;
				ONLY_ACTIVE_ARCH = YES;
				SDKROOT = iphoneos;
			};
			name = Debug;
		};
		852F303418E549F00003ADF3 /* Release */ = {
			isa = XCBuildConfiguration;
			buildSettings = {
				ALWAYS_SEARCH_USER_PATHS = NO;
				ARCHS = "$(ARCHS_STANDARD_INCLUDING_64_BIT)";
				CLANG_CXX_LANGUAGE_STANDARD = "gnu++0x";
				CLANG_CXX_LIBRARY = "libc++";
				CLANG_ENABLE_MODULES = YES;
				CLANG_ENABLE_OBJC_ARC = YES;
				CLANG_WARN_BOOL_CONVERSION = YES;
				CLANG_WARN_CONSTANT_CONVERSION = YES;
				CLANG_WARN_DIRECT_OBJC_ISA_USAGE = YES_ERROR;
				CLANG_WARN_EMPTY_BODY = YES;
				CLANG_WARN_ENUM_CONVERSION = YES;
				CLANG_WARN_INT_CONVERSION = YES;
				CLANG_WARN_OBJC_ROOT_CLASS = YES_ERROR;
				CLANG_WARN__DUPLICATE_METHOD_MATCH = YES;
				"CODE_SIGN_IDENTITY[sdk=iphoneos*]" = "iPhone Developer";
				COPY_PHASE_STRIP = YES;
				ENABLE_NS_ASSERTIONS = NO;
				GCC_C_LANGUAGE_STANDARD = gnu99;
				GCC_WARN_64_TO_32_BIT_CONVERSION = YES;
				GCC_WARN_ABOUT_RETURN_TYPE = YES_ERROR;
				GCC_WARN_UNDECLARED_SELECTOR = YES;
				GCC_WARN_UNINITIALIZED_AUTOS = YES;
				GCC_WARN_UNUSED_FUNCTION = YES;
				GCC_WARN_UNUSED_VARIABLE = YES;
				IPHONEOS_DEPLOYMENT_TARGET = 7.0;
				SDKROOT = iphoneos;
				VALIDATE_PRODUCT = YES;
			};
			name = Release;
		};
		852F303618E549F00003ADF3 /* Debug */ = {
			isa = XCBuildConfiguration;
			buildSettings = {
				ASSETCATALOG_COMPILER_APPICON_NAME = AppIcon;
				ASSETCATALOG_COMPILER_LAUNCHIMAGE_NAME = LaunchImage;
				GCC_PRECOMPILE_PREFIX_HEADER = YES;
				GCC_PREFIX_HEADER = "Demo3_UIButton/Demo3_UIButton-Prefix.pch";
				INFOPLIST_FILE = "Demo3_UIButton/Demo3_UIButton-Info.plist";
				PRODUCT_NAME = "$(TARGET_NAME)";
				WRAPPER_EXTENSION = app;
			};
			name = Debug;
		};
		852F303718E549F00003ADF3 /* Release */ = {
			isa = XCBuildConfiguration;
			buildSettings = {
				ASSETCATALOG_COMPILER_APPICON_NAME = AppIcon;
				ASSETCATALOG_COMPILER_LAUNCHIMAGE_NAME = LaunchImage;
				GCC_PRECOMPILE_PREFIX_HEADER = YES;
				GCC_PREFIX_HEADER = "Demo3_UIButton/Demo3_UIButton-Prefix.pch";
				INFOPLIST_FILE = "Demo3_UIButton/Demo3_UIButton-Info.plist";
				PRODUCT_NAME = "$(TARGET_NAME)";
				WRAPPER_EXTENSION = app;
			};
			name = Release;
		};
		852F303918E549F00003ADF3 /* Debug */ = {
			isa = XCBuildConfiguration;
			buildSettings = {
				ARCHS = "$(ARCHS_STANDARD_INCLUDING_64_BIT)";
				BUNDLE_LOADER = "$(BUILT_PRODUCTS_DIR)/Demo3_UIButton.app/Demo3_UIButton";
				FRAMEWORK_SEARCH_PATHS = (
					"$(SDKROOT)/Developer/Library/Frameworks",
					"$(inherited)",
					"$(DEVELOPER_FRAMEWORKS_DIR)",
				);
				GCC_PRECOMPILE_PREFIX_HEADER = YES;
				GCC_PREFIX_HEADER = "Demo3_UIButton/Demo3_UIButton-Prefix.pch";
				GCC_PREPROCESSOR_DEFINITIONS = (
					"DEBUG=1",
					"$(inherited)",
				);
				INFOPLIST_FILE = "Demo3_UIButtonTests/Demo3_UIButtonTests-Info.plist";
				PRODUCT_NAME = "$(TARGET_NAME)";
				TEST_HOST = "$(BUNDLE_LOADER)";
				WRAPPER_EXTENSION = xctest;
			};
			name = Debug;
		};
		852F303A18E549F00003ADF3 /* Release */ = {
			isa = XCBuildConfiguration;
			buildSettings = {
				ARCHS = "$(ARCHS_STANDARD_INCLUDING_64_BIT)";
				BUNDLE_LOADER = "$(BUILT_PRODUCTS_DIR)/Demo3_UIButton.app/Demo3_UIButton";
				FRAMEWORK_SEARCH_PATHS = (
					"$(SDKROOT)/Developer/Library/Frameworks",
					"$(inherited)",
					"$(DEVELOPER_FRAMEWORKS_DIR)",
				);
				GCC_PRECOMPILE_PREFIX_HEADER = YES;
				GCC_PREFIX_HEADER = "Demo3_UIButton/Demo3_UIButton-Prefix.pch";
				INFOPLIST_FILE = "Demo3_UIButtonTests/Demo3_UIButtonTests-Info.plist";
				PRODUCT_NAME = "$(TARGET_NAME)";
				TEST_HOST = "$(BUNDLE_LOADER)";
				WRAPPER_EXTENSION = xctest;
			};
			name = Release;
		};
/* End XCBuildConfiguration section */

/* Begin XCConfigurationList section */
		852F300418E549F00003ADF3 /* Build configuration list for PBXProject "Demo3_UIButton" */ = {
			isa = XCConfigurationList;
			buildConfigurations = (
				852F303318E549F00003ADF3 /* Debug */,
				852F303418E549F00003ADF3 /* Release */,
			);
			defaultConfigurationIsVisible = 0;
			defaultConfigurationName = Release;
		};
		852F303518E549F00003ADF3 /* Build configuration list for PBXNativeTarget "Demo3_UIButton" */ = {
			isa = XCConfigurationList;
			buildConfigurations = (
				852F303618E549F00003ADF3 /* Debug */,
				852F303718E549F00003ADF3 /* Release */,
			);
			defaultConfigurationIsVisible = 0;
		};
		852F303818E549F00003ADF3 /* Build configuration list for PBXNativeTarget "Demo3_UIButtonTests" */ = {
			isa = XCConfigurationList;
			buildConfigurations = (
				852F303918E549F00003ADF3 /* Debug */,
				852F303A18E549F00003ADF3 /* Release */,
			);
			defaultConfigurationIsVisible = 0;
		};
/* End XCConfigurationList section */
	};
	rootObject = 852F300118E549F00003ADF3 /* Project object */;
}
