// !$*UTF8*$!
{
	archiveVersion = 1;
	classes = {
	};
	objectVersion = 46;
	objects = {

/* Begin PBXBuildFile section */
		85482B151904A73E00504B8E /* Foundation.framework in Frameworks */ = {isa = PBXBuildFile; fileRef = 85482B141904A73E00504B8E /* Foundation.framework */; };
		85482B171904A73E00504B8E /* CoreGraphics.framework in Frameworks */ = {isa = PBXBuildFile; fileRef = 85482B161904A73E00504B8E /* CoreGraphics.framework */; };
		85482B191904A73E00504B8E /* UIKit.framework in Frameworks */ = {isa = PBXBuildFile; fileRef = 85482B181904A73E00504B8E /* UIKit.framework */; };
		85482B1F1904A73E00504B8E /* InfoPlist.strings in Resources */ = {isa = PBXBuildFile; fileRef = 85482B1D1904A73E00504B8E /* InfoPlist.strings */; };
		85482B211904A73E00504B8E /* main.m in Sources */ = {isa = PBXBuildFile; fileRef = 85482B201904A73E00504B8E /* main.m */; };
		85482B251904A73E00504B8E /* TRAppDelegate.m in Sources */ = {isa = PBXBuildFile; fileRef = 85482B241904A73E00504B8E /* TRAppDelegate.m */; };
		85482B281904A73E00504B8E /* Main.storyboard in Resources */ = {isa = PBXBuildFile; fileRef = 85482B261904A73E00504B8E /* Main.storyboard */; };
		85482B2B1904A73E00504B8E /* TRViewController.m in Sources */ = {isa = PBXBuildFile; fileRef = 85482B2A1904A73E00504B8E /* TRViewController.m */; };
		85482B2D1904A73E00504B8E /* Images.xcassets in Resources */ = {isa = PBXBuildFile; fileRef = 85482B2C1904A73E00504B8E /* Images.xcassets */; };
		85482B341904A73E00504B8E /* XCTest.framework in Frameworks */ = {isa = PBXBuildFile; fileRef = 85482B331904A73E00504B8E /* XCTest.framework */; };
		85482B351904A73E00504B8E /* Foundation.framework in Frameworks */ = {isa = PBXBuildFile; fileRef = 85482B141904A73E00504B8E /* Foundation.framework */; };
		85482B361904A73E00504B8E /* UIKit.framework in Frameworks */ = {isa = PBXBuildFile; fileRef = 85482B181904A73E00504B8E /* UIKit.framework */; };
		85482B3E1904A73F00504B8E /* InfoPlist.strings in Resources */ = {isa = PBXBuildFile; fileRef = 85482B3C1904A73F00504B8E /* InfoPlist.strings */; };
		85482B401904A73F00504B8E /* Day9DatePIckerTests.m in Sources */ = {isa = PBXBuildFile; fileRef = 85482B3F1904A73F00504B8E /* Day9DatePIckerTests.m */; };
/* End PBXBuildFile section */

/* Begin PBXContainerItemProxy section */
		85482B371904A73F00504B8E /* PBXContainerItemProxy */ = {
			isa = PBXContainerItemProxy;
			containerPortal = 85482B091904A73E00504B8E /* Project object */;
			proxyType = 1;
			remoteGlobalIDString = 85482B101904A73E00504B8E;
			remoteInfo = Day9DatePIcker;
		};
/* End PBXContainerItemProxy section */

/* Begin PBXFileReference section */
		85482B111904A73E00504B8E /* Day9DatePIcker.app */ = {isa = PBXFileReference; explicitFileType = wrapper.application; includeInIndex = 0; path = Day9DatePIcker.app; sourceTree = BUILT_PRODUCTS_DIR; };
		85482B141904A73E00504B8E /* Foundation.framework */ = {isa = PBXFileReference; lastKnownFileType = wrapper.framework; name = Foundation.framework; path = System/Library/Frameworks/Foundation.framework; sourceTree = SDKROOT; };
		85482B161904A73E00504B8E /* CoreGraphics.framework */ = {isa = PBXFileReference; lastKnownFileType = wrapper.framework; name = CoreGraphics.framework; path = System/Library/Frameworks/CoreGraphics.framework; sourceTree = SDKROOT; };
		85482B181904A73E00504B8E /* UIKit.framework */ = {isa = PBXFileReference; lastKnownFileType = wrapper.framework; name = UIKit.framework; path = System/Library/Frameworks/UIKit.framework; sourceTree = SDKROOT; };
		85482B1C1904A73E00504B8E /* Day9DatePIcker-Info.plist */ = {isa = PBXFileReference; lastKnownFileType = text.plist.xml; path = "Day9DatePIcker-Info.plist"; sourceTree = "<group>"; };
		85482B1E1904A73E00504B8E /* en */ = {isa = PBXFileReference; lastKnownFileType = text.plist.strings; name = en; path = en.lproj/InfoPlist.strings; sourceTree = "<group>"; };
		85482B201904A73E00504B8E /* main.m */ = {isa = PBXFileReference; lastKnownFileType = sourcecode.c.objc; path = main.m; sourceTree = "<group>"; };
		85482B221904A73E00504B8E /* Day9DatePIcker-Prefix.pch */ = {isa = PBXFileReference; lastKnownFileType = sourcecode.c.h; path = "Day9DatePIcker-Prefix.pch"; sourceTree = "<group>"; };
		85482B231904A73E00504B8E /* TRAppDelegate.h */ = {isa = PBXFileReference; lastKnownFileType = sourcecode.c.h; path = TRAppDelegate.h; sourceTree = "<group>"; };
		85482B241904A73E00504B8E /* TRAppDelegate.m */ = {isa = PBXFileReference; lastKnownFileType = sourcecode.c.objc; path = TRAppDelegate.m; sourceTree = "<group>"; };
		85482B271904A73E00504B8E /* Base */ = {isa = PBXFileReference; lastKnownFileType = file.storyboard; name = Base; path = Base.lproj/Main.storyboard; sourceTree = "<group>"; };
		85482B291904A73E00504B8E /* TRViewController.h */ = {isa = PBXFileReference; lastKnownFileType = sourcecode.c.h; path = TRViewController.h; sourceTree = "<group>"; };
		85482B2A1904A73E00504B8E /* TRViewController.m */ = {isa = PBXFileReference; lastKnownFileType = sourcecode.c.objc; path = TRViewController.m; sourceTree = "<group>"; };
		85482B2C1904A73E00504B8E /* Images.xcassets */ = {isa = PBXFileReference; lastKnownFileType = folder.assetcatalog; path = Images.xcassets; sourceTree = "<group>"; };
		85482B321904A73E00504B8E /* Day9DatePIckerTests.xctest */ = {isa = PBXFileReference; explicitFileType = wrapper.cfbundle; includeInIndex = 0; path = Day9DatePIckerTests.xctest; sourceTree = BUILT_PRODUCTS_DIR; };
		85482B331904A73E00504B8E /* XCTest.framework */ = {isa = PBXFileReference; lastKnownFileType = wrapper.framework; name = XCTest.framework; path = Library/Frameworks/XCTest.framework; sourceTree = DEVELOPER_DIR; };
		85482B3B1904A73F00504B8E /* Day9DatePIckerTests-Info.plist */ = {isa = PBXFileReference; lastKnownFileType = text.plist.xml; path = "Day9DatePIckerTests-Info.plist"; sourceTree = "<group>"; };
		85482B3D1904A73F00504B8E /* en */ = {isa = PBXFileReference; lastKnownFileType = text.plist.strings; name = en; path = en.lproj/InfoPlist.strings; sourceTree = "<group>"; };
		85482B3F1904A73F00504B8E /* Day9DatePIckerTests.m */ = {isa = PBXFileReference; lastKnownFileType = sourcecode.c.objc; path = Day9DatePIckerTests.m; sourceTree = "<group>"; };
/* End PBXFileReference section */

/* Begin PBXFrameworksBuildPhase section */
		85482B0E1904A73E00504B8E /* Frameworks */ = {
			isa = PBXFrameworksBuildPhase;
			buildActionMask = 2147483647;
			files = (
				85482B171904A73E00504B8E /* CoreGraphics.framework in Frameworks */,
				85482B191904A73E00504B8E /* UIKit.framework in Frameworks */,
				85482B151904A73E00504B8E /* Foundation.framework in Frameworks */,
			);
			runOnlyForDeploymentPostprocessing = 0;
		};
		85482B2F1904A73E00504B8E /* Frameworks */ = {
			isa = PBXFrameworksBuildPhase;
			buildActionMask = 2147483647;
			files = (
				85482B341904A73E00504B8E /* XCTest.framework in Frameworks */,
				85482B361904A73E00504B8E /* UIKit.framework in Frameworks */,
				85482B351904A73E00504B8E /* Foundation.framework in Frameworks */,
			);
			runOnlyForDeploymentPostprocessing = 0;
		};
/* End PBXFrameworksBuildPhase section */

/* Begin PBXGroup section */
		85482B081904A73E00504B8E = {
			isa = PBXGroup;
			children = (
				85482B1A1904A73E00504B8E /* Day9DatePIcker */,
				85482B391904A73F00504B8E /* Day9DatePIckerTests */,
				85482B131904A73E00504B8E /* Frameworks */,
				85482B121904A73E00504B8E /* Products */,
			);
			sourceTree = "<group>";
		};
		85482B121904A73E00504B8E /* Products */ = {
			isa = PBXGroup;
			children = (
				85482B111904A73E00504B8E /* Day9DatePIcker.app */,
				85482B321904A73E00504B8E /* Day9DatePIckerTests.xctest */,
			);
			name = Products;
			sourceTree = "<group>";
		};
		85482B131904A73E00504B8E /* Frameworks */ = {
			isa = PBXGroup;
			children = (
				85482B141904A73E00504B8E /* Foundation.framework */,
				85482B161904A73E00504B8E /* CoreGraphics.framework */,
				85482B181904A73E00504B8E /* UIKit.framework */,
				85482B331904A73E00504B8E /* XCTest.framework */,
			);
			name = Frameworks;
			sourceTree = "<group>";
		};
		85482B1A1904A73E00504B8E /* Day9DatePIcker */ = {
			isa = PBXGroup;
			children = (
				85482B231904A73E00504B8E /* TRAppDelegate.h */,
				85482B241904A73E00504B8E /* TRAppDelegate.m */,
				85482B261904A73E00504B8E /* Main.storyboard */,
				85482B291904A73E00504B8E /* TRViewController.h */,
				85482B2A1904A73E00504B8E /* TRViewController.m */,
				85482B2C1904A73E00504B8E /* Images.xcassets */,
				85482B1B1904A73E00504B8E /* Supporting Files */,
			);
			path = Day9DatePIcker;
			sourceTree = "<group>";
		};
		85482B1B1904A73E00504B8E /* Supporting Files */ = {
			isa = PBXGroup;
			children = (
				85482B1C1904A73E00504B8E /* Day9DatePIcker-Info.plist */,
				85482B1D1904A73E00504B8E /* InfoPlist.strings */,
				85482B201904A73E00504B8E /* main.m */,
				85482B221904A73E00504B8E /* Day9DatePIcker-Prefix.pch */,
			);
			name = "Supporting Files";
			sourceTree = "<group>";
		};
		85482B391904A73F00504B8E /* Day9DatePIckerTests */ = {
			isa = PBXGroup;
			children = (
				85482B3F1904A73F00504B8E /* Day9DatePIckerTests.m */,
				85482B3A1904A73F00504B8E /* Supporting Files */,
			);
			path = Day9DatePIckerTests;
			sourceTree = "<group>";
		};
		85482B3A1904A73F00504B8E /* Supporting Files */ = {
			isa = PBXGroup;
			children = (
				85482B3B1904A73F00504B8E /* Day9DatePIckerTests-Info.plist */,
				85482B3C1904A73F00504B8E /* InfoPlist.strings */,
			);
			name = "Supporting Files";
			sourceTree = "<group>";
		};
/* End PBXGroup section */

/* Begin PBXNativeTarget section */
		85482B101904A73E00504B8E /* Day9DatePIcker */ = {
			isa = PBXNativeTarget;
			buildConfigurationList = 85482B431904A73F00504B8E /* Build configuration list for PBXNativeTarget "Day9DatePIcker" */;
			buildPhases = (
				85482B0D1904A73E00504B8E /* Sources */,
				85482B0E1904A73E00504B8E /* Frameworks */,
				85482B0F1904A73E00504B8E /* Resources */,
			);
			buildRules = (
			);
			dependencies = (
			);
			name = Day9DatePIcker;
			productName = Day9DatePIcker;
			productReference = 85482B111904A73E00504B8E /* Day9DatePIcker.app */;
			productType = "com.apple.product-type.application";
		};
		85482B311904A73E00504B8E /* Day9DatePIckerTests */ = {
			isa = PBXNativeTarget;
			buildConfigurationList = 85482B461904A73F00504B8E /* Build configuration list for PBXNativeTarget "Day9DatePIckerTests" */;
			buildPhases = (
				85482B2E1904A73E00504B8E /* Sources */,
				85482B2F1904A73E00504B8E /* Frameworks */,
				85482B301904A73E00504B8E /* Resources */,
			);
			buildRules = (
			);
			dependencies = (
				85482B381904A73F00504B8E /* PBXTargetDependency */,
			);
			name = Day9DatePIckerTests;
			productName = Day9DatePIckerTests;
			productReference = 85482B321904A73E00504B8E /* Day9DatePIckerTests.xctest */;
			productType = "com.apple.product-type.bundle.unit-test";
		};
/* End PBXNativeTarget section */

/* Begin PBXProject section */
		85482B091904A73E00504B8E /* Project object */ = {
			isa = PBXProject;
			attributes = {
				CLASSPREFIX = TR;
				LastUpgradeCheck = 0500;
				ORGANIZATIONNAME = tarena;
				TargetAttributes = {
					85482B311904A73E00504B8E = {
						TestTargetID = 85482B101904A73E00504B8E;
					};
				};
			};
			buildConfigurationList = 85482B0C1904A73E00504B8E /* Build configuration list for PBXProject "Day9DatePIcker" */;
			compatibilityVersion = "Xcode 3.2";
			developmentRegion = English;
			hasScannedForEncodings = 0;
			knownRegions = (
				en,
				Base,
			);
			mainGroup = 85482B081904A73E00504B8E;
			productRefGroup = 85482B121904A73E00504B8E /* Products */;
			projectDirPath = "";
			projectRoot = "";
			targets = (
				85482B101904A73E00504B8E /* Day9DatePIcker */,
				85482B311904A73E00504B8E /* Day9DatePIckerTests */,
			);
		};
/* End PBXProject section */

/* Begin PBXResourcesBuildPhase section */
		85482B0F1904A73E00504B8E /* Resources */ = {
			isa = PBXResourcesBuildPhase;
			buildActionMask = 2147483647;
			files = (
				85482B2D1904A73E00504B8E /* Images.xcassets in Resources */,
				85482B1F1904A73E00504B8E /* InfoPlist.strings in Resources */,
				85482B281904A73E00504B8E /* Main.storyboard in Resources */,
			);
			runOnlyForDeploymentPostprocessing = 0;
		};
		85482B301904A73E00504B8E /* Resources */ = {
			isa = PBXResourcesBuildPhase;
			buildActionMask = 2147483647;
			files = (
				85482B3E1904A73F00504B8E /* InfoPlist.strings in Resources */,
			);
			runOnlyForDeploymentPostprocessing = 0;
		};
/* End PBXResourcesBuildPhase section */

/* Begin PBXSourcesBuildPhase section */
		85482B0D1904A73E00504B8E /* Sources */ = {
			isa = PBXSourcesBuildPhase;
			buildActionMask = 2147483647;
			files = (
				85482B251904A73E00504B8E /* TRAppDelegate.m in Sources */,
				85482B211904A73E00504B8E /* main.m in Sources */,
				85482B2B1904A73E00504B8E /* TRViewController.m in Sources */,
			);
			runOnlyForDeploymentPostprocessing = 0;
		};
		85482B2E1904A73E00504B8E /* Sources */ = {
			isa = PBXSourcesBuildPhase;
			buildActionMask = 2147483647;
			files = (
				85482B401904A73F00504B8E /* Day9DatePIckerTests.m in Sources */,
			);
			runOnlyForDeploymentPostprocessing = 0;
		};
/* End PBXSourcesBuildPhase section */

/* Begin PBXTargetDependency section */
		85482B381904A73F00504B8E /* PBXTargetDependency */ = {
			isa = PBXTargetDependency;
			target = 85482B101904A73E00504B8E /* Day9DatePIcker */;
			targetProxy = 85482B371904A73F00504B8E /* PBXContainerItemProxy */;
		};
/* End PBXTargetDependency section */

/* Begin PBXVariantGroup section */
		85482B1D1904A73E00504B8E /* InfoPlist.strings */ = {
			isa = PBXVariantGroup;
			children = (
				85482B1E1904A73E00504B8E /* en */,
			);
			name = InfoPlist.strings;
			sourceTree = "<group>";
		};
		85482B261904A73E00504B8E /* Main.storyboard */ = {
			isa = PBXVariantGroup;
			children = (
				85482B271904A73E00504B8E /* Base */,
			);
			name = Main.storyboard;
			sourceTree = "<group>";
		};
		85482B3C1904A73F00504B8E /* InfoPlist.strings */ = {
			isa = PBXVariantGroup;
			children = (
				85482B3D1904A73F00504B8E /* en */,
			);
			name = InfoPlist.strings;
			sourceTree = "<group>";
		};
/* End PBXVariantGroup section */

/* Begin XCBuildConfiguration section */
		85482B411904A73F00504B8E /* Debug */ = {
			isa = XCBuildConfiguration;
			buildSettings = {
				ALWAYS_SEARCH_USER_PATHS = NO;
				ARCHS = "$(ARCHS_STANDARD_INCLUDING_64_BIT)";
				CLANG_CXX_LANGUAGE_STANDARD = "gnu++0x";
				CLANG_CXX_LIBRARY = "libc++";
				CLANG_ENABLE_MODULES = YES;
				CLANG_ENABLE_OBJC_ARC = YES;
				CLANG_WARN_BOOL_CONVERSION = YES;
				CLANG_WARN_CONSTANT_CONVERSION = YES;
				CLANG_WARN_DIRECT_OBJC_ISA_USAGE = YES_ERROR;
				CLANG_WARN_EMPTY_BODY = YES;
				CLANG_WARN_ENUM_CONVERSION = YES;
				CLANG_WARN_INT_CONVERSION = YES;
				CLANG_WARN_OBJC_ROOT_CLASS = YES_ERROR;
				CLANG_WARN__DUPLICATE_METHOD_MATCH = YES;
				"CODE_SIGN_IDENTITY[sdk=iphoneos*]" = "iPhone Developer";
				COPY_PHASE_STRIP = NO;
				GCC_C_LANGUAGE_STANDARD = gnu99;
				GCC_DYNAMIC_NO_PIC = NO;
				GCC_OPTIMIZATION_LEVEL = 0;
				GCC_PREPROCESSOR_DEFINITIONS = (
					"DEBUG=1",
					"$(inherited)",
				);
				GCC_SYMBOLS_PRIVATE_EXTERN = NO;
				GCC_WARN_64_TO_32_BIT_CONVERSION = YES;
				GCC_WARN_ABOUT_RETURN_TYPE = YES_ERROR;
				GCC_WARN_UNDECLARED_SELECTOR = YES;
				GCC_WARN_UNINITIALIZED_AUTOS = YES;
				GCC_WARN_UNUSED_FUNCTION = YES;
				GCC_WARN_UNUSED_VARIABLE = YES;
				IPHONEOS_DEPLOYMENT_TARGET = 7.0;
				ONLY_ACTIVE_ARCH = YES;
				SDKROOT = iphoneos;
			};
			name = Debug;
		};
		85482B421904A73F00504B8E /* Release */ = {
			isa = XCBuildConfiguration;
			buildSettings = {
				ALWAYS_SEARCH_USER_PATHS = NO;
				ARCHS = "$(ARCHS_STANDARD_INCLUDING_64_BIT)";
				CLANG_CXX_LANGUAGE_STANDARD = "gnu++0x";
				CLANG_CXX_LIBRARY = "libc++";
				CLANG_ENABLE_MODULES = YES;
				CLANG_ENABLE_OBJC_ARC = YES;
				CLANG_WARN_BOOL_CONVERSION = YES;
				CLANG_WARN_CONSTANT_CONVERSION = YES;
				CLANG_WARN_DIRECT_OBJC_ISA_USAGE = YES_ERROR;
				CLANG_WARN_EMPTY_BODY = YES;
				CLANG_WARN_ENUM_CONVERSION = YES;
				CLANG_WARN_INT_CONVERSION = YES;
				CLANG_WARN_OBJC_ROOT_CLASS = YES_ERROR;
				CLANG_WARN__DUPLICATE_METHOD_MATCH = YES;
				"CODE_SIGN_IDENTITY[sdk=iphoneos*]" = "iPhone Developer";
				COPY_PHASE_STRIP = YES;
				ENABLE_NS_ASSERTIONS = NO;
				GCC_C_LANGUAGE_STANDARD = gnu99;
				GCC_WARN_64_TO_32_BIT_CONVERSION = YES;
				GCC_WARN_ABOUT_RETURN_TYPE = YES_ERROR;
				GCC_WARN_UNDECLARED_SELECTOR = YES;
				GCC_WARN_UNINITIALIZED_AUTOS = YES;
				GCC_WARN_UNUSED_FUNCTION = YES;
				GCC_WARN_UNUSED_VARIABLE = YES;
				IPHONEOS_DEPLOYMENT_TARGET = 7.0;
				SDKROOT = iphoneos;
				VALIDATE_PRODUCT = YES;
			};
			name = Release;
		};
		85482B441904A73F00504B8E /* Debug */ = {
			isa = XCBuildConfiguration;
			buildSettings = {
				ASSETCATALOG_COMPILER_APPICON_NAME = AppIcon;
				ASSETCATALOG_COMPILER_LAUNCHIMAGE_NAME = LaunchImage;
				GCC_PRECOMPILE_PREFIX_HEADER = YES;
				GCC_PREFIX_HEADER = "Day9DatePIcker/Day9DatePIcker-Prefix.pch";
				INFOPLIST_FILE = "Day9DatePIcker/Day9DatePIcker-Info.plist";
				PRODUCT_NAME = "$(TARGET_NAME)";
				WRAPPER_EXTENSION = app;
			};
			name = Debug;
		};
		85482B451904A73F00504B8E /* Release */ = {
			isa = XCBuildConfiguration;
			buildSettings = {
				ASSETCATALOG_COMPILER_APPICON_NAME = AppIcon;
				ASSETCATALOG_COMPILER_LAUNCHIMAGE_NAME = LaunchImage;
				GCC_PRECOMPILE_PREFIX_HEADER = YES;
				GCC_PREFIX_HEADER = "Day9DatePIcker/Day9DatePIcker-Prefix.pch";
				INFOPLIST_FILE = "Day9DatePIcker/Day9DatePIcker-Info.plist";
				PRODUCT_NAME = "$(TARGET_NAME)";
				WRAPPER_EXTENSION = app;
			};
			name = Release;
		};
		85482B471904A73F00504B8E /* Debug */ = {
			isa = XCBuildConfiguration;
			buildSettings = {
				ARCHS = "$(ARCHS_STANDARD_INCLUDING_64_BIT)";
				BUNDLE_LOADER = "$(BUILT_PRODUCTS_DIR)/Day9DatePIcker.app/Day9DatePIcker";
				FRAMEWORK_SEARCH_PATHS = (
					"$(SDKROOT)/Developer/Library/Frameworks",
					"$(inherited)",
					"$(DEVELOPER_FRAMEWORKS_DIR)",
				);
				GCC_PRECOMPILE_PREFIX_HEADER = YES;
				GCC_PREFIX_HEADER = "Day9DatePIcker/Day9DatePIcker-Prefix.pch";
				GCC_PREPROCESSOR_DEFINITIONS = (
					"DEBUG=1",
					"$(inherited)",
				);
				INFOPLIST_FILE = "Day9DatePIckerTests/Day9DatePIckerTests-Info.plist";
				PRODUCT_NAME = "$(TARGET_NAME)";
				TEST_HOST = "$(BUNDLE_LOADER)";
				WRAPPER_EXTENSION = xctest;
			};
			name = Debug;
		};
		85482B481904A73F00504B8E /* Release */ = {
			isa = XCBuildConfiguration;
			buildSettings = {
				ARCHS = "$(ARCHS_STANDARD_INCLUDING_64_BIT)";
				BUNDLE_LOADER = "$(BUILT_PRODUCTS_DIR)/Day9DatePIcker.app/Day9DatePIcker";
				FRAMEWORK_SEARCH_PATHS = (
					"$(SDKROOT)/Developer/Library/Frameworks",
					"$(inherited)",
					"$(DEVELOPER_FRAMEWORKS_DIR)",
				);
				GCC_PRECOMPILE_PREFIX_HEADER = YES;
				GCC_PREFIX_HEADER = "Day9DatePIcker/Day9DatePIcker-Prefix.pch";
				INFOPLIST_FILE = "Day9DatePIckerTests/Day9DatePIckerTests-Info.plist";
				PRODUCT_NAME = "$(TARGET_NAME)";
				TEST_HOST = "$(BUNDLE_LOADER)";
				WRAPPER_EXTENSION = xctest;
			};
			name = Release;
		};
/* End XCBuildConfiguration section */

/* Begin XCConfigurationList section */
		85482B0C1904A73E00504B8E /* Build configuration list for PBXProject "Day9DatePIcker" */ = {
			isa = XCConfigurationList;
			buildConfigurations = (
				85482B411904A73F00504B8E /* Debug */,
				85482B421904A73F00504B8E /* Release */,
			);
			defaultConfigurationIsVisible = 0;
			defaultConfigurationName = Release;
		};
		85482B431904A73F00504B8E /* Build configuration list for PBXNativeTarget "Day9DatePIcker" */ = {
			isa = XCConfigurationList;
			buildConfigurations = (
				85482B441904A73F00504B8E /* Debug */,
				85482B451904A73F00504B8E /* Release */,
			);
			defaultConfigurationIsVisible = 0;
		};
		85482B461904A73F00504B8E /* Build configuration list for PBXNativeTarget "Day9DatePIckerTests" */ = {
			isa = XCConfigurationList;
			buildConfigurations = (
				85482B471904A73F00504B8E /* Debug */,
				85482B481904A73F00504B8E /* Release */,
			);
			defaultConfigurationIsVisible = 0;
		};
/* End XCConfigurationList section */
	};
	rootObject = 85482B091904A73E00504B8E /* Project object */;
}
