// !$*UTF8*$!
{
	archiveVersion = 1;
	classes = {
	};
	objectVersion = 46;
	objects = {

/* Begin PBXBuildFile section */
		852AB7AB191B79A600789333 /* Foundation.framework in Frameworks */ = {isa = PBXBuildFile; fileRef = 852AB7AA191B79A600789333 /* Foundation.framework */; };
		852AB7AD191B79A600789333 /* CoreGraphics.framework in Frameworks */ = {isa = PBXBuildFile; fileRef = 852AB7AC191B79A600789333 /* CoreGraphics.framework */; };
		852AB7AF191B79A600789333 /* UIKit.framework in Frameworks */ = {isa = PBXBuildFile; fileRef = 852AB7AE191B79A600789333 /* UIKit.framework */; };
		852AB7B5191B79A600789333 /* InfoPlist.strings in Resources */ = {isa = PBXBuildFile; fileRef = 852AB7B3191B79A600789333 /* InfoPlist.strings */; };
		852AB7B7191B79A600789333 /* main.m in Sources */ = {isa = PBXBuildFile; fileRef = 852AB7B6191B79A600789333 /* main.m */; };
		852AB7BB191B79A600789333 /* TRAppDelegate.m in Sources */ = {isa = PBXBuildFile; fileRef = 852AB7BA191B79A600789333 /* TRAppDelegate.m */; };
		852AB7BE191B79A600789333 /* Main.storyboard in Resources */ = {isa = PBXBuildFile; fileRef = 852AB7BC191B79A600789333 /* Main.storyboard */; };
		852AB7C1191B79A600789333 /* TRViewController.m in Sources */ = {isa = PBXBuildFile; fileRef = 852AB7C0191B79A600789333 /* TRViewController.m */; };
		852AB7C3191B79A600789333 /* Images.xcassets in Resources */ = {isa = PBXBuildFile; fileRef = 852AB7C2191B79A600789333 /* Images.xcassets */; };
		852AB7CA191B79A600789333 /* XCTest.framework in Frameworks */ = {isa = PBXBuildFile; fileRef = 852AB7C9191B79A600789333 /* XCTest.framework */; };
		852AB7CB191B79A600789333 /* Foundation.framework in Frameworks */ = {isa = PBXBuildFile; fileRef = 852AB7AA191B79A600789333 /* Foundation.framework */; };
		852AB7CC191B79A600789333 /* UIKit.framework in Frameworks */ = {isa = PBXBuildFile; fileRef = 852AB7AE191B79A600789333 /* UIKit.framework */; };
		852AB7D4191B79A600789333 /* InfoPlist.strings in Resources */ = {isa = PBXBuildFile; fileRef = 852AB7D2191B79A600789333 /* InfoPlist.strings */; };
		852AB7D6191B79A600789333 /* Day20ServerSocketTests.m in Sources */ = {isa = PBXBuildFile; fileRef = 852AB7D5191B79A600789333 /* Day20ServerSocketTests.m */; };
		852AB7E1191B79B800789333 /* AsyncSocket.m in Sources */ = {isa = PBXBuildFile; fileRef = 852AB7E0191B79B800789333 /* AsyncSocket.m */; settings = {COMPILER_FLAGS = "-fno-objc-arc"; }; };
/* End PBXBuildFile section */

/* Begin PBXContainerItemProxy section */
		852AB7CD191B79A600789333 /* PBXContainerItemProxy */ = {
			isa = PBXContainerItemProxy;
			containerPortal = 852AB79F191B79A600789333 /* Project object */;
			proxyType = 1;
			remoteGlobalIDString = 852AB7A6191B79A600789333;
			remoteInfo = Day20ServerSocket;
		};
/* End PBXContainerItemProxy section */

/* Begin PBXFileReference section */
		852AB7A7191B79A600789333 /* Day20ServerSocket.app */ = {isa = PBXFileReference; explicitFileType = wrapper.application; includeInIndex = 0; path = Day20ServerSocket.app; sourceTree = BUILT_PRODUCTS_DIR; };
		852AB7AA191B79A600789333 /* Foundation.framework */ = {isa = PBXFileReference; lastKnownFileType = wrapper.framework; name = Foundation.framework; path = System/Library/Frameworks/Foundation.framework; sourceTree = SDKROOT; };
		852AB7AC191B79A600789333 /* CoreGraphics.framework */ = {isa = PBXFileReference; lastKnownFileType = wrapper.framework; name = CoreGraphics.framework; path = System/Library/Frameworks/CoreGraphics.framework; sourceTree = SDKROOT; };
		852AB7AE191B79A600789333 /* UIKit.framework */ = {isa = PBXFileReference; lastKnownFileType = wrapper.framework; name = UIKit.framework; path = System/Library/Frameworks/UIKit.framework; sourceTree = SDKROOT; };
		852AB7B2191B79A600789333 /* Day20ServerSocket-Info.plist */ = {isa = PBXFileReference; lastKnownFileType = text.plist.xml; path = "Day20ServerSocket-Info.plist"; sourceTree = "<group>"; };
		852AB7B4191B79A600789333 /* en */ = {isa = PBXFileReference; lastKnownFileType = text.plist.strings; name = en; path = en.lproj/InfoPlist.strings; sourceTree = "<group>"; };
		852AB7B6191B79A600789333 /* main.m */ = {isa = PBXFileReference; lastKnownFileType = sourcecode.c.objc; path = main.m; sourceTree = "<group>"; };
		852AB7B8191B79A600789333 /* Day20ServerSocket-Prefix.pch */ = {isa = PBXFileReference; lastKnownFileType = sourcecode.c.h; path = "Day20ServerSocket-Prefix.pch"; sourceTree = "<group>"; };
		852AB7B9191B79A600789333 /* TRAppDelegate.h */ = {isa = PBXFileReference; lastKnownFileType = sourcecode.c.h; path = TRAppDelegate.h; sourceTree = "<group>"; };
		852AB7BA191B79A600789333 /* TRAppDelegate.m */ = {isa = PBXFileReference; lastKnownFileType = sourcecode.c.objc; path = TRAppDelegate.m; sourceTree = "<group>"; };
		852AB7BD191B79A600789333 /* Base */ = {isa = PBXFileReference; lastKnownFileType = file.storyboard; name = Base; path = Base.lproj/Main.storyboard; sourceTree = "<group>"; };
		852AB7BF191B79A600789333 /* TRViewController.h */ = {isa = PBXFileReference; lastKnownFileType = sourcecode.c.h; path = TRViewController.h; sourceTree = "<group>"; };
		852AB7C0191B79A600789333 /* TRViewController.m */ = {isa = PBXFileReference; lastKnownFileType = sourcecode.c.objc; path = TRViewController.m; sourceTree = "<group>"; };
		852AB7C2191B79A600789333 /* Images.xcassets */ = {isa = PBXFileReference; lastKnownFileType = folder.assetcatalog; path = Images.xcassets; sourceTree = "<group>"; };
		852AB7C8191B79A600789333 /* Day20ServerSocketTests.xctest */ = {isa = PBXFileReference; explicitFileType = wrapper.cfbundle; includeInIndex = 0; path = Day20ServerSocketTests.xctest; sourceTree = BUILT_PRODUCTS_DIR; };
		852AB7C9191B79A600789333 /* XCTest.framework */ = {isa = PBXFileReference; lastKnownFileType = wrapper.framework; name = XCTest.framework; path = Library/Frameworks/XCTest.framework; sourceTree = DEVELOPER_DIR; };
		852AB7D1191B79A600789333 /* Day20ServerSocketTests-Info.plist */ = {isa = PBXFileReference; lastKnownFileType = text.plist.xml; path = "Day20ServerSocketTests-Info.plist"; sourceTree = "<group>"; };
		852AB7D3191B79A600789333 /* en */ = {isa = PBXFileReference; lastKnownFileType = text.plist.strings; name = en; path = en.lproj/InfoPlist.strings; sourceTree = "<group>"; };
		852AB7D5191B79A600789333 /* Day20ServerSocketTests.m */ = {isa = PBXFileReference; lastKnownFileType = sourcecode.c.objc; path = Day20ServerSocketTests.m; sourceTree = "<group>"; };
		852AB7DF191B79B800789333 /* AsyncSocket.h */ = {isa = PBXFileReference; fileEncoding = 4; lastKnownFileType = sourcecode.c.h; path = AsyncSocket.h; sourceTree = "<group>"; };
		852AB7E0191B79B800789333 /* AsyncSocket.m */ = {isa = PBXFileReference; fileEncoding = 4; lastKnownFileType = sourcecode.c.objc; path = AsyncSocket.m; sourceTree = "<group>"; };
/* End PBXFileReference section */

/* Begin PBXFrameworksBuildPhase section */
		852AB7A4191B79A600789333 /* Frameworks */ = {
			isa = PBXFrameworksBuildPhase;
			buildActionMask = 2147483647;
			files = (
				852AB7AD191B79A600789333 /* CoreGraphics.framework in Frameworks */,
				852AB7AF191B79A600789333 /* UIKit.framework in Frameworks */,
				852AB7AB191B79A600789333 /* Foundation.framework in Frameworks */,
			);
			runOnlyForDeploymentPostprocessing = 0;
		};
		852AB7C5191B79A600789333 /* Frameworks */ = {
			isa = PBXFrameworksBuildPhase;
			buildActionMask = 2147483647;
			files = (
				852AB7CA191B79A600789333 /* XCTest.framework in Frameworks */,
				852AB7CC191B79A600789333 /* UIKit.framework in Frameworks */,
				852AB7CB191B79A600789333 /* Foundation.framework in Frameworks */,
			);
			runOnlyForDeploymentPostprocessing = 0;
		};
/* End PBXFrameworksBuildPhase section */

/* Begin PBXGroup section */
		852AB79E191B79A600789333 = {
			isa = PBXGroup;
			children = (
				852AB7B0191B79A600789333 /* Day20ServerSocket */,
				852AB7CF191B79A600789333 /* Day20ServerSocketTests */,
				852AB7A9191B79A600789333 /* Frameworks */,
				852AB7A8191B79A600789333 /* Products */,
			);
			sourceTree = "<group>";
		};
		852AB7A8191B79A600789333 /* Products */ = {
			isa = PBXGroup;
			children = (
				852AB7A7191B79A600789333 /* Day20ServerSocket.app */,
				852AB7C8191B79A600789333 /* Day20ServerSocketTests.xctest */,
			);
			name = Products;
			sourceTree = "<group>";
		};
		852AB7A9191B79A600789333 /* Frameworks */ = {
			isa = PBXGroup;
			children = (
				852AB7AA191B79A600789333 /* Foundation.framework */,
				852AB7AC191B79A600789333 /* CoreGraphics.framework */,
				852AB7AE191B79A600789333 /* UIKit.framework */,
				852AB7C9191B79A600789333 /* XCTest.framework */,
			);
			name = Frameworks;
			sourceTree = "<group>";
		};
		852AB7B0191B79A600789333 /* Day20ServerSocket */ = {
			isa = PBXGroup;
			children = (
				852AB7DF191B79B800789333 /* AsyncSocket.h */,
				852AB7E0191B79B800789333 /* AsyncSocket.m */,
				852AB7B9191B79A600789333 /* TRAppDelegate.h */,
				852AB7BA191B79A600789333 /* TRAppDelegate.m */,
				852AB7BC191B79A600789333 /* Main.storyboard */,
				852AB7BF191B79A600789333 /* TRViewController.h */,
				852AB7C0191B79A600789333 /* TRViewController.m */,
				852AB7C2191B79A600789333 /* Images.xcassets */,
				852AB7B1191B79A600789333 /* Supporting Files */,
			);
			path = Day20ServerSocket;
			sourceTree = "<group>";
		};
		852AB7B1191B79A600789333 /* Supporting Files */ = {
			isa = PBXGroup;
			children = (
				852AB7B2191B79A600789333 /* Day20ServerSocket-Info.plist */,
				852AB7B3191B79A600789333 /* InfoPlist.strings */,
				852AB7B6191B79A600789333 /* main.m */,
				852AB7B8191B79A600789333 /* Day20ServerSocket-Prefix.pch */,
			);
			name = "Supporting Files";
			sourceTree = "<group>";
		};
		852AB7CF191B79A600789333 /* Day20ServerSocketTests */ = {
			isa = PBXGroup;
			children = (
				852AB7D5191B79A600789333 /* Day20ServerSocketTests.m */,
				852AB7D0191B79A600789333 /* Supporting Files */,
			);
			path = Day20ServerSocketTests;
			sourceTree = "<group>";
		};
		852AB7D0191B79A600789333 /* Supporting Files */ = {
			isa = PBXGroup;
			children = (
				852AB7D1191B79A600789333 /* Day20ServerSocketTests-Info.plist */,
				852AB7D2191B79A600789333 /* InfoPlist.strings */,
			);
			name = "Supporting Files";
			sourceTree = "<group>";
		};
/* End PBXGroup section */

/* Begin PBXNativeTarget section */
		852AB7A6191B79A600789333 /* Day20ServerSocket */ = {
			isa = PBXNativeTarget;
			buildConfigurationList = 852AB7D9191B79A600789333 /* Build configuration list for PBXNativeTarget "Day20ServerSocket" */;
			buildPhases = (
				852AB7A3191B79A600789333 /* Sources */,
				852AB7A4191B79A600789333 /* Frameworks */,
				852AB7A5191B79A600789333 /* Resources */,
			);
			buildRules = (
			);
			dependencies = (
			);
			name = Day20ServerSocket;
			productName = Day20ServerSocket;
			productReference = 852AB7A7191B79A600789333 /* Day20ServerSocket.app */;
			productType = "com.apple.product-type.application";
		};
		852AB7C7191B79A600789333 /* Day20ServerSocketTests */ = {
			isa = PBXNativeTarget;
			buildConfigurationList = 852AB7DC191B79A600789333 /* Build configuration list for PBXNativeTarget "Day20ServerSocketTests" */;
			buildPhases = (
				852AB7C4191B79A600789333 /* Sources */,
				852AB7C5191B79A600789333 /* Frameworks */,
				852AB7C6191B79A600789333 /* Resources */,
			);
			buildRules = (
			);
			dependencies = (
				852AB7CE191B79A600789333 /* PBXTargetDependency */,
			);
			name = Day20ServerSocketTests;
			productName = Day20ServerSocketTests;
			productReference = 852AB7C8191B79A600789333 /* Day20ServerSocketTests.xctest */;
			productType = "com.apple.product-type.bundle.unit-test";
		};
/* End PBXNativeTarget section */

/* Begin PBXProject section */
		852AB79F191B79A600789333 /* Project object */ = {
			isa = PBXProject;
			attributes = {
				CLASSPREFIX = TR;
				LastUpgradeCheck = 0500;
				ORGANIZATIONNAME = tarena;
				TargetAttributes = {
					852AB7C7191B79A600789333 = {
						TestTargetID = 852AB7A6191B79A600789333;
					};
				};
			};
			buildConfigurationList = 852AB7A2191B79A600789333 /* Build configuration list for PBXProject "Day20ServerSocket" */;
			compatibilityVersion = "Xcode 3.2";
			developmentRegion = English;
			hasScannedForEncodings = 0;
			knownRegions = (
				en,
				Base,
			);
			mainGroup = 852AB79E191B79A600789333;
			productRefGroup = 852AB7A8191B79A600789333 /* Products */;
			projectDirPath = "";
			projectRoot = "";
			targets = (
				852AB7A6191B79A600789333 /* Day20ServerSocket */,
				852AB7C7191B79A600789333 /* Day20ServerSocketTests */,
			);
		};
/* End PBXProject section */

/* Begin PBXResourcesBuildPhase section */
		852AB7A5191B79A600789333 /* Resources */ = {
			isa = PBXResourcesBuildPhase;
			buildActionMask = 2147483647;
			files = (
				852AB7C3191B79A600789333 /* Images.xcassets in Resources */,
				852AB7B5191B79A600789333 /* InfoPlist.strings in Resources */,
				852AB7BE191B79A600789333 /* Main.storyboard in Resources */,
			);
			runOnlyForDeploymentPostprocessing = 0;
		};
		852AB7C6191B79A600789333 /* Resources */ = {
			isa = PBXResourcesBuildPhase;
			buildActionMask = 2147483647;
			files = (
				852AB7D4191B79A600789333 /* InfoPlist.strings in Resources */,
			);
			runOnlyForDeploymentPostprocessing = 0;
		};
/* End PBXResourcesBuildPhase section */

/* Begin PBXSourcesBuildPhase section */
		852AB7A3191B79A600789333 /* Sources */ = {
			isa = PBXSourcesBuildPhase;
			buildActionMask = 2147483647;
			files = (
				852AB7BB191B79A600789333 /* TRAppDelegate.m in Sources */,
				852AB7B7191B79A600789333 /* main.m in Sources */,
				852AB7C1191B79A600789333 /* TRViewController.m in Sources */,
				852AB7E1191B79B800789333 /* AsyncSocket.m in Sources */,
			);
			runOnlyForDeploymentPostprocessing = 0;
		};
		852AB7C4191B79A600789333 /* Sources */ = {
			isa = PBXSourcesBuildPhase;
			buildActionMask = 2147483647;
			files = (
				852AB7D6191B79A600789333 /* Day20ServerSocketTests.m in Sources */,
			);
			runOnlyForDeploymentPostprocessing = 0;
		};
/* End PBXSourcesBuildPhase section */

/* Begin PBXTargetDependency section */
		852AB7CE191B79A600789333 /* PBXTargetDependency */ = {
			isa = PBXTargetDependency;
			target = 852AB7A6191B79A600789333 /* Day20ServerSocket */;
			targetProxy = 852AB7CD191B79A600789333 /* PBXContainerItemProxy */;
		};
/* End PBXTargetDependency section */

/* Begin PBXVariantGroup section */
		852AB7B3191B79A600789333 /* InfoPlist.strings */ = {
			isa = PBXVariantGroup;
			children = (
				852AB7B4191B79A600789333 /* en */,
			);
			name = InfoPlist.strings;
			sourceTree = "<group>";
		};
		852AB7BC191B79A600789333 /* Main.storyboard */ = {
			isa = PBXVariantGroup;
			children = (
				852AB7BD191B79A600789333 /* Base */,
			);
			name = Main.storyboard;
			sourceTree = "<group>";
		};
		852AB7D2191B79A600789333 /* InfoPlist.strings */ = {
			isa = PBXVariantGroup;
			children = (
				852AB7D3191B79A600789333 /* en */,
			);
			name = InfoPlist.strings;
			sourceTree = "<group>";
		};
/* End PBXVariantGroup section */

/* Begin XCBuildConfiguration section */
		852AB7D7191B79A600789333 /* Debug */ = {
			isa = XCBuildConfiguration;
			buildSettings = {
				ALWAYS_SEARCH_USER_PATHS = NO;
				ARCHS = "$(ARCHS_STANDARD_INCLUDING_64_BIT)";
				CLANG_CXX_LANGUAGE_STANDARD = "gnu++0x";
				CLANG_CXX_LIBRARY = "libc++";
				CLANG_ENABLE_MODULES = YES;
				CLANG_ENABLE_OBJC_ARC = YES;
				CLANG_WARN_BOOL_CONVERSION = YES;
				CLANG_WARN_CONSTANT_CONVERSION = YES;
				CLANG_WARN_DIRECT_OBJC_ISA_USAGE = YES_ERROR;
				CLANG_WARN_EMPTY_BODY = YES;
				CLANG_WARN_ENUM_CONVERSION = YES;
				CLANG_WARN_INT_CONVERSION = YES;
				CLANG_WARN_OBJC_ROOT_CLASS = YES_ERROR;
				CLANG_WARN__DUPLICATE_METHOD_MATCH = YES;
				"CODE_SIGN_IDENTITY[sdk=iphoneos*]" = "iPhone Developer";
				COPY_PHASE_STRIP = NO;
				GCC_C_LANGUAGE_STANDARD = gnu99;
				GCC_DYNAMIC_NO_PIC = NO;
				GCC_OPTIMIZATION_LEVEL = 0;
				GCC_PREPROCESSOR_DEFINITIONS = (
					"DEBUG=1",
					"$(inherited)",
				);
				GCC_SYMBOLS_PRIVATE_EXTERN = NO;
				GCC_WARN_64_TO_32_BIT_CONVERSION = YES;
				GCC_WARN_ABOUT_RETURN_TYPE = YES_ERROR;
				GCC_WARN_UNDECLARED_SELECTOR = YES;
				GCC_WARN_UNINITIALIZED_AUTOS = YES;
				GCC_WARN_UNUSED_FUNCTION = YES;
				GCC_WARN_UNUSED_VARIABLE = YES;
				IPHONEOS_DEPLOYMENT_TARGET = 7.0;
				ONLY_ACTIVE_ARCH = YES;
				SDKROOT = iphoneos;
			};
			name = Debug;
		};
		852AB7D8191B79A600789333 /* Release */ = {
			isa = XCBuildConfiguration;
			buildSettings = {
				ALWAYS_SEARCH_USER_PATHS = NO;
				ARCHS = "$(ARCHS_STANDARD_INCLUDING_64_BIT)";
				CLANG_CXX_LANGUAGE_STANDARD = "gnu++0x";
				CLANG_CXX_LIBRARY = "libc++";
				CLANG_ENABLE_MODULES = YES;
				CLANG_ENABLE_OBJC_ARC = YES;
				CLANG_WARN_BOOL_CONVERSION = YES;
				CLANG_WARN_CONSTANT_CONVERSION = YES;
				CLANG_WARN_DIRECT_OBJC_ISA_USAGE = YES_ERROR;
				CLANG_WARN_EMPTY_BODY = YES;
				CLANG_WARN_ENUM_CONVERSION = YES;
				CLANG_WARN_INT_CONVERSION = YES;
				CLANG_WARN_OBJC_ROOT_CLASS = YES_ERROR;
				CLANG_WARN__DUPLICATE_METHOD_MATCH = YES;
				"CODE_SIGN_IDENTITY[sdk=iphoneos*]" = "iPhone Developer";
				COPY_PHASE_STRIP = YES;
				ENABLE_NS_ASSERTIONS = NO;
				GCC_C_LANGUAGE_STANDARD = gnu99;
				GCC_WARN_64_TO_32_BIT_CONVERSION = YES;
				GCC_WARN_ABOUT_RETURN_TYPE = YES_ERROR;
				GCC_WARN_UNDECLARED_SELECTOR = YES;
				GCC_WARN_UNINITIALIZED_AUTOS = YES;
				GCC_WARN_UNUSED_FUNCTION = YES;
				GCC_WARN_UNUSED_VARIABLE = YES;
				IPHONEOS_DEPLOYMENT_TARGET = 7.0;
				SDKROOT = iphoneos;
				VALIDATE_PRODUCT = YES;
			};
			name = Release;
		};
		852AB7DA191B79A600789333 /* Debug */ = {
			isa = XCBuildConfiguration;
			buildSettings = {
				ASSETCATALOG_COMPILER_APPICON_NAME = AppIcon;
				ASSETCATALOG_COMPILER_LAUNCHIMAGE_NAME = LaunchImage;
				GCC_PRECOMPILE_PREFIX_HEADER = YES;
				GCC_PREFIX_HEADER = "Day20ServerSocket/Day20ServerSocket-Prefix.pch";
				INFOPLIST_FILE = "Day20ServerSocket/Day20ServerSocket-Info.plist";
				PRODUCT_NAME = "$(TARGET_NAME)";
				WRAPPER_EXTENSION = app;
			};
			name = Debug;
		};
		852AB7DB191B79A600789333 /* Release */ = {
			isa = XCBuildConfiguration;
			buildSettings = {
				ASSETCATALOG_COMPILER_APPICON_NAME = AppIcon;
				ASSETCATALOG_COMPILER_LAUNCHIMAGE_NAME = LaunchImage;
				GCC_PRECOMPILE_PREFIX_HEADER = YES;
				GCC_PREFIX_HEADER = "Day20ServerSocket/Day20ServerSocket-Prefix.pch";
				INFOPLIST_FILE = "Day20ServerSocket/Day20ServerSocket-Info.plist";
				PRODUCT_NAME = "$(TARGET_NAME)";
				WRAPPER_EXTENSION = app;
			};
			name = Release;
		};
		852AB7DD191B79A600789333 /* Debug */ = {
			isa = XCBuildConfiguration;
			buildSettings = {
				ARCHS = "$(ARCHS_STANDARD_INCLUDING_64_BIT)";
				BUNDLE_LOADER = "$(BUILT_PRODUCTS_DIR)/Day20ServerSocket.app/Day20ServerSocket";
				FRAMEWORK_SEARCH_PATHS = (
					"$(SDKROOT)/Developer/Library/Frameworks",
					"$(inherited)",
					"$(DEVELOPER_FRAMEWORKS_DIR)",
				);
				GCC_PRECOMPILE_PREFIX_HEADER = YES;
				GCC_PREFIX_HEADER = "Day20ServerSocket/Day20ServerSocket-Prefix.pch";
				GCC_PREPROCESSOR_DEFINITIONS = (
					"DEBUG=1",
					"$(inherited)",
				);
				INFOPLIST_FILE = "Day20ServerSocketTests/Day20ServerSocketTests-Info.plist";
				PRODUCT_NAME = "$(TARGET_NAME)";
				TEST_HOST = "$(BUNDLE_LOADER)";
				WRAPPER_EXTENSION = xctest;
			};
			name = Debug;
		};
		852AB7DE191B79A600789333 /* Release */ = {
			isa = XCBuildConfiguration;
			buildSettings = {
				ARCHS = "$(ARCHS_STANDARD_INCLUDING_64_BIT)";
				BUNDLE_LOADER = "$(BUILT_PRODUCTS_DIR)/Day20ServerSocket.app/Day20ServerSocket";
				FRAMEWORK_SEARCH_PATHS = (
					"$(SDKROOT)/Developer/Library/Frameworks",
					"$(inherited)",
					"$(DEVELOPER_FRAMEWORKS_DIR)",
				);
				GCC_PRECOMPILE_PREFIX_HEADER = YES;
				GCC_PREFIX_HEADER = "Day20ServerSocket/Day20ServerSocket-Prefix.pch";
				INFOPLIST_FILE = "Day20ServerSocketTests/Day20ServerSocketTests-Info.plist";
				PRODUCT_NAME = "$(TARGET_NAME)";
				TEST_HOST = "$(BUNDLE_LOADER)";
				WRAPPER_EXTENSION = xctest;
			};
			name = Release;
		};
/* End XCBuildConfiguration section */

/* Begin XCConfigurationList section */
		852AB7A2191B79A600789333 /* Build configuration list for PBXProject "Day20ServerSocket" */ = {
			isa = XCConfigurationList;
			buildConfigurations = (
				852AB7D7191B79A600789333 /* Debug */,
				852AB7D8191B79A600789333 /* Release */,
			);
			defaultConfigurationIsVisible = 0;
			defaultConfigurationName = Release;
		};
		852AB7D9191B79A600789333 /* Build configuration list for PBXNativeTarget "Day20ServerSocket" */ = {
			isa = XCConfigurationList;
			buildConfigurations = (
				852AB7DA191B79A600789333 /* Debug */,
				852AB7DB191B79A600789333 /* Release */,
			);
			defaultConfigurationIsVisible = 0;
		};
		852AB7DC191B79A600789333 /* Build configuration list for PBXNativeTarget "Day20ServerSocketTests" */ = {
			isa = XCConfigurationList;
			buildConfigurations = (
				852AB7DD191B79A600789333 /* Debug */,
				852AB7DE191B79A600789333 /* Release */,
			);
			defaultConfigurationIsVisible = 0;
		};
/* End XCConfigurationList section */
	};
	rootObject = 852AB79F191B79A600789333 /* Project object */;
}
