// !$*UTF8*$!
{
	archiveVersion = 1;
	classes = {
	};
	objectVersion = 46;
	objects = {

/* Begin PBXBuildFile section */
		8561EAC718E6A93A003F6EB8 /* Foundation.framework in Frameworks */ = {isa = PBXBuildFile; fileRef = 8561EAC618E6A93A003F6EB8 /* Foundation.framework */; };
		8561EAC918E6A93A003F6EB8 /* CoreGraphics.framework in Frameworks */ = {isa = PBXBuildFile; fileRef = 8561EAC818E6A93A003F6EB8 /* CoreGraphics.framework */; };
		8561EACB18E6A93A003F6EB8 /* UIKit.framework in Frameworks */ = {isa = PBXBuildFile; fileRef = 8561EACA18E6A93A003F6EB8 /* UIKit.framework */; };
		8561EAD118E6A93A003F6EB8 /* InfoPlist.strings in Resources */ = {isa = PBXBuildFile; fileRef = 8561EACF18E6A93A003F6EB8 /* InfoPlist.strings */; };
		8561EAD318E6A93A003F6EB8 /* main.m in Sources */ = {isa = PBXBuildFile; fileRef = 8561EAD218E6A93A003F6EB8 /* main.m */; };
		8561EAD718E6A93A003F6EB8 /* TRAppDelegate.m in Sources */ = {isa = PBXBuildFile; fileRef = 8561EAD618E6A93A003F6EB8 /* TRAppDelegate.m */; };
		8561EADD18E6A93A003F6EB8 /* TRViewController.m in Sources */ = {isa = PBXBuildFile; fileRef = 8561EADC18E6A93A003F6EB8 /* TRViewController.m */; };
		8561EADF18E6A93A003F6EB8 /* Images.xcassets in Resources */ = {isa = PBXBuildFile; fileRef = 8561EADE18E6A93A003F6EB8 /* Images.xcassets */; };
		8561EAE618E6A93A003F6EB8 /* XCTest.framework in Frameworks */ = {isa = PBXBuildFile; fileRef = 8561EAE518E6A93A003F6EB8 /* XCTest.framework */; };
		8561EAE718E6A93A003F6EB8 /* Foundation.framework in Frameworks */ = {isa = PBXBuildFile; fileRef = 8561EAC618E6A93A003F6EB8 /* Foundation.framework */; };
		8561EAE818E6A93A003F6EB8 /* UIKit.framework in Frameworks */ = {isa = PBXBuildFile; fileRef = 8561EACA18E6A93A003F6EB8 /* UIKit.framework */; };
		8561EAF018E6A93A003F6EB8 /* InfoPlist.strings in Resources */ = {isa = PBXBuildFile; fileRef = 8561EAEE18E6A93A003F6EB8 /* InfoPlist.strings */; };
		8561EAF218E6A93A003F6EB8 /* MouseTests.m in Sources */ = {isa = PBXBuildFile; fileRef = 8561EAF118E6A93A003F6EB8 /* MouseTests.m */; };
/* End PBXBuildFile section */

/* Begin PBXContainerItemProxy section */
		8561EAE918E6A93A003F6EB8 /* PBXContainerItemProxy */ = {
			isa = PBXContainerItemProxy;
			containerPortal = 8561EABB18E6A93A003F6EB8 /* Project object */;
			proxyType = 1;
			remoteGlobalIDString = 8561EAC218E6A93A003F6EB8;
			remoteInfo = Mouse;
		};
/* End PBXContainerItemProxy section */

/* Begin PBXFileReference section */
		8561EAC318E6A93A003F6EB8 /* Mouse.app */ = {isa = PBXFileReference; explicitFileType = wrapper.application; includeInIndex = 0; path = Mouse.app; sourceTree = BUILT_PRODUCTS_DIR; };
		8561EAC618E6A93A003F6EB8 /* Foundation.framework */ = {isa = PBXFileReference; lastKnownFileType = wrapper.framework; name = Foundation.framework; path = System/Library/Frameworks/Foundation.framework; sourceTree = SDKROOT; };
		8561EAC818E6A93A003F6EB8 /* CoreGraphics.framework */ = {isa = PBXFileReference; lastKnownFileType = wrapper.framework; name = CoreGraphics.framework; path = System/Library/Frameworks/CoreGraphics.framework; sourceTree = SDKROOT; };
		8561EACA18E6A93A003F6EB8 /* UIKit.framework */ = {isa = PBXFileReference; lastKnownFileType = wrapper.framework; name = UIKit.framework; path = System/Library/Frameworks/UIKit.framework; sourceTree = SDKROOT; };
		8561EACE18E6A93A003F6EB8 /* Mouse-Info.plist */ = {isa = PBXFileReference; lastKnownFileType = text.plist.xml; path = "Mouse-Info.plist"; sourceTree = "<group>"; };
		8561EAD018E6A93A003F6EB8 /* en */ = {isa = PBXFileReference; lastKnownFileType = text.plist.strings; name = en; path = en.lproj/InfoPlist.strings; sourceTree = "<group>"; };
		8561EAD218E6A93A003F6EB8 /* main.m */ = {isa = PBXFileReference; lastKnownFileType = sourcecode.c.objc; path = main.m; sourceTree = "<group>"; };
		8561EAD418E6A93A003F6EB8 /* Mouse-Prefix.pch */ = {isa = PBXFileReference; lastKnownFileType = sourcecode.c.h; path = "Mouse-Prefix.pch"; sourceTree = "<group>"; };
		8561EAD518E6A93A003F6EB8 /* TRAppDelegate.h */ = {isa = PBXFileReference; lastKnownFileType = sourcecode.c.h; path = TRAppDelegate.h; sourceTree = "<group>"; };
		8561EAD618E6A93A003F6EB8 /* TRAppDelegate.m */ = {isa = PBXFileReference; lastKnownFileType = sourcecode.c.objc; path = TRAppDelegate.m; sourceTree = "<group>"; };
		8561EADB18E6A93A003F6EB8 /* TRViewController.h */ = {isa = PBXFileReference; lastKnownFileType = sourcecode.c.h; path = TRViewController.h; sourceTree = "<group>"; };
		8561EADC18E6A93A003F6EB8 /* TRViewController.m */ = {isa = PBXFileReference; lastKnownFileType = sourcecode.c.objc; path = TRViewController.m; sourceTree = "<group>"; };
		8561EADE18E6A93A003F6EB8 /* Images.xcassets */ = {isa = PBXFileReference; lastKnownFileType = folder.assetcatalog; path = Images.xcassets; sourceTree = "<group>"; };
		8561EAE418E6A93A003F6EB8 /* MouseTests.xctest */ = {isa = PBXFileReference; explicitFileType = wrapper.cfbundle; includeInIndex = 0; path = MouseTests.xctest; sourceTree = BUILT_PRODUCTS_DIR; };
		8561EAE518E6A93A003F6EB8 /* XCTest.framework */ = {isa = PBXFileReference; lastKnownFileType = wrapper.framework; name = XCTest.framework; path = Library/Frameworks/XCTest.framework; sourceTree = DEVELOPER_DIR; };
		8561EAED18E6A93A003F6EB8 /* MouseTests-Info.plist */ = {isa = PBXFileReference; lastKnownFileType = text.plist.xml; path = "MouseTests-Info.plist"; sourceTree = "<group>"; };
		8561EAEF18E6A93A003F6EB8 /* en */ = {isa = PBXFileReference; lastKnownFileType = text.plist.strings; name = en; path = en.lproj/InfoPlist.strings; sourceTree = "<group>"; };
		8561EAF118E6A93A003F6EB8 /* MouseTests.m */ = {isa = PBXFileReference; lastKnownFileType = sourcecode.c.objc; path = MouseTests.m; sourceTree = "<group>"; };
/* End PBXFileReference section */

/* Begin PBXFrameworksBuildPhase section */
		8561EAC018E6A93A003F6EB8 /* Frameworks */ = {
			isa = PBXFrameworksBuildPhase;
			buildActionMask = 2147483647;
			files = (
				8561EAC918E6A93A003F6EB8 /* CoreGraphics.framework in Frameworks */,
				8561EACB18E6A93A003F6EB8 /* UIKit.framework in Frameworks */,
				8561EAC718E6A93A003F6EB8 /* Foundation.framework in Frameworks */,
			);
			runOnlyForDeploymentPostprocessing = 0;
		};
		8561EAE118E6A93A003F6EB8 /* Frameworks */ = {
			isa = PBXFrameworksBuildPhase;
			buildActionMask = 2147483647;
			files = (
				8561EAE618E6A93A003F6EB8 /* XCTest.framework in Frameworks */,
				8561EAE818E6A93A003F6EB8 /* UIKit.framework in Frameworks */,
				8561EAE718E6A93A003F6EB8 /* Foundation.framework in Frameworks */,
			);
			runOnlyForDeploymentPostprocessing = 0;
		};
/* End PBXFrameworksBuildPhase section */

/* Begin PBXGroup section */
		8561EABA18E6A93A003F6EB8 = {
			isa = PBXGroup;
			children = (
				8561EACC18E6A93A003F6EB8 /* Mouse */,
				8561EAEB18E6A93A003F6EB8 /* MouseTests */,
				8561EAC518E6A93A003F6EB8 /* Frameworks */,
				8561EAC418E6A93A003F6EB8 /* Products */,
			);
			sourceTree = "<group>";
		};
		8561EAC418E6A93A003F6EB8 /* Products */ = {
			isa = PBXGroup;
			children = (
				8561EAC318E6A93A003F6EB8 /* Mouse.app */,
				8561EAE418E6A93A003F6EB8 /* MouseTests.xctest */,
			);
			name = Products;
			sourceTree = "<group>";
		};
		8561EAC518E6A93A003F6EB8 /* Frameworks */ = {
			isa = PBXGroup;
			children = (
				8561EAC618E6A93A003F6EB8 /* Foundation.framework */,
				8561EAC818E6A93A003F6EB8 /* CoreGraphics.framework */,
				8561EACA18E6A93A003F6EB8 /* UIKit.framework */,
				8561EAE518E6A93A003F6EB8 /* XCTest.framework */,
			);
			name = Frameworks;
			sourceTree = "<group>";
		};
		8561EACC18E6A93A003F6EB8 /* Mouse */ = {
			isa = PBXGroup;
			children = (
				8561EAD518E6A93A003F6EB8 /* TRAppDelegate.h */,
				8561EAD618E6A93A003F6EB8 /* TRAppDelegate.m */,
				8561EADB18E6A93A003F6EB8 /* TRViewController.h */,
				8561EADC18E6A93A003F6EB8 /* TRViewController.m */,
				8561EADE18E6A93A003F6EB8 /* Images.xcassets */,
				8561EACD18E6A93A003F6EB8 /* Supporting Files */,
			);
			path = Mouse;
			sourceTree = "<group>";
		};
		8561EACD18E6A93A003F6EB8 /* Supporting Files */ = {
			isa = PBXGroup;
			children = (
				8561EACE18E6A93A003F6EB8 /* Mouse-Info.plist */,
				8561EACF18E6A93A003F6EB8 /* InfoPlist.strings */,
				8561EAD218E6A93A003F6EB8 /* main.m */,
				8561EAD418E6A93A003F6EB8 /* Mouse-Prefix.pch */,
			);
			name = "Supporting Files";
			sourceTree = "<group>";
		};
		8561EAEB18E6A93A003F6EB8 /* MouseTests */ = {
			isa = PBXGroup;
			children = (
				8561EAF118E6A93A003F6EB8 /* MouseTests.m */,
				8561EAEC18E6A93A003F6EB8 /* Supporting Files */,
			);
			path = MouseTests;
			sourceTree = "<group>";
		};
		8561EAEC18E6A93A003F6EB8 /* Supporting Files */ = {
			isa = PBXGroup;
			children = (
				8561EAED18E6A93A003F6EB8 /* MouseTests-Info.plist */,
				8561EAEE18E6A93A003F6EB8 /* InfoPlist.strings */,
			);
			name = "Supporting Files";
			sourceTree = "<group>";
		};
/* End PBXGroup section */

/* Begin PBXNativeTarget section */
		8561EAC218E6A93A003F6EB8 /* Mouse */ = {
			isa = PBXNativeTarget;
			buildConfigurationList = 8561EAF518E6A93A003F6EB8 /* Build configuration list for PBXNativeTarget "Mouse" */;
			buildPhases = (
				8561EABF18E6A93A003F6EB8 /* Sources */,
				8561EAC018E6A93A003F6EB8 /* Frameworks */,
				8561EAC118E6A93A003F6EB8 /* Resources */,
			);
			buildRules = (
			);
			dependencies = (
			);
			name = Mouse;
			productName = Mouse;
			productReference = 8561EAC318E6A93A003F6EB8 /* Mouse.app */;
			productType = "com.apple.product-type.application";
		};
		8561EAE318E6A93A003F6EB8 /* MouseTests */ = {
			isa = PBXNativeTarget;
			buildConfigurationList = 8561EAF818E6A93A003F6EB8 /* Build configuration list for PBXNativeTarget "MouseTests" */;
			buildPhases = (
				8561EAE018E6A93A003F6EB8 /* Sources */,
				8561EAE118E6A93A003F6EB8 /* Frameworks */,
				8561EAE218E6A93A003F6EB8 /* Resources */,
			);
			buildRules = (
			);
			dependencies = (
				8561EAEA18E6A93A003F6EB8 /* PBXTargetDependency */,
			);
			name = MouseTests;
			productName = MouseTests;
			productReference = 8561EAE418E6A93A003F6EB8 /* MouseTests.xctest */;
			productType = "com.apple.product-type.bundle.unit-test";
		};
/* End PBXNativeTarget section */

/* Begin PBXProject section */
		8561EABB18E6A93A003F6EB8 /* Project object */ = {
			isa = PBXProject;
			attributes = {
				CLASSPREFIX = TR;
				LastUpgradeCheck = 0500;
				ORGANIZATIONNAME = tarena;
				TargetAttributes = {
					8561EAE318E6A93A003F6EB8 = {
						TestTargetID = 8561EAC218E6A93A003F6EB8;
					};
				};
			};
			buildConfigurationList = 8561EABE18E6A93A003F6EB8 /* Build configuration list for PBXProject "Mouse" */;
			compatibilityVersion = "Xcode 3.2";
			developmentRegion = English;
			hasScannedForEncodings = 0;
			knownRegions = (
				en,
				Base,
			);
			mainGroup = 8561EABA18E6A93A003F6EB8;
			productRefGroup = 8561EAC418E6A93A003F6EB8 /* Products */;
			projectDirPath = "";
			projectRoot = "";
			targets = (
				8561EAC218E6A93A003F6EB8 /* Mouse */,
				8561EAE318E6A93A003F6EB8 /* MouseTests */,
			);
		};
/* End PBXProject section */

/* Begin PBXResourcesBuildPhase section */
		8561EAC118E6A93A003F6EB8 /* Resources */ = {
			isa = PBXResourcesBuildPhase;
			buildActionMask = 2147483647;
			files = (
				8561EADF18E6A93A003F6EB8 /* Images.xcassets in Resources */,
				8561EAD118E6A93A003F6EB8 /* InfoPlist.strings in Resources */,
			);
			runOnlyForDeploymentPostprocessing = 0;
		};
		8561EAE218E6A93A003F6EB8 /* Resources */ = {
			isa = PBXResourcesBuildPhase;
			buildActionMask = 2147483647;
			files = (
				8561EAF018E6A93A003F6EB8 /* InfoPlist.strings in Resources */,
			);
			runOnlyForDeploymentPostprocessing = 0;
		};
/* End PBXResourcesBuildPhase section */

/* Begin PBXSourcesBuildPhase section */
		8561EABF18E6A93A003F6EB8 /* Sources */ = {
			isa = PBXSourcesBuildPhase;
			buildActionMask = 2147483647;
			files = (
				8561EAD718E6A93A003F6EB8 /* TRAppDelegate.m in Sources */,
				8561EAD318E6A93A003F6EB8 /* main.m in Sources */,
				8561EADD18E6A93A003F6EB8 /* TRViewController.m in Sources */,
			);
			runOnlyForDeploymentPostprocessing = 0;
		};
		8561EAE018E6A93A003F6EB8 /* Sources */ = {
			isa = PBXSourcesBuildPhase;
			buildActionMask = 2147483647;
			files = (
				8561EAF218E6A93A003F6EB8 /* MouseTests.m in Sources */,
			);
			runOnlyForDeploymentPostprocessing = 0;
		};
/* End PBXSourcesBuildPhase section */

/* Begin PBXTargetDependency section */
		8561EAEA18E6A93A003F6EB8 /* PBXTargetDependency */ = {
			isa = PBXTargetDependency;
			target = 8561EAC218E6A93A003F6EB8 /* Mouse */;
			targetProxy = 8561EAE918E6A93A003F6EB8 /* PBXContainerItemProxy */;
		};
/* End PBXTargetDependency section */

/* Begin PBXVariantGroup section */
		8561EACF18E6A93A003F6EB8 /* InfoPlist.strings */ = {
			isa = PBXVariantGroup;
			children = (
				8561EAD018E6A93A003F6EB8 /* en */,
			);
			name = InfoPlist.strings;
			sourceTree = "<group>";
		};
		8561EAEE18E6A93A003F6EB8 /* InfoPlist.strings */ = {
			isa = PBXVariantGroup;
			children = (
				8561EAEF18E6A93A003F6EB8 /* en */,
			);
			name = InfoPlist.strings;
			sourceTree = "<group>";
		};
/* End PBXVariantGroup section */

/* Begin XCBuildConfiguration section */
		8561EAF318E6A93A003F6EB8 /* Debug */ = {
			isa = XCBuildConfiguration;
			buildSettings = {
				ALWAYS_SEARCH_USER_PATHS = NO;
				ARCHS = "$(ARCHS_STANDARD_INCLUDING_64_BIT)";
				CLANG_CXX_LANGUAGE_STANDARD = "gnu++0x";
				CLANG_CXX_LIBRARY = "libc++";
				CLANG_ENABLE_MODULES = YES;
				CLANG_ENABLE_OBJC_ARC = YES;
				CLANG_WARN_BOOL_CONVERSION = YES;
				CLANG_WARN_CONSTANT_CONVERSION = YES;
				CLANG_WARN_DIRECT_OBJC_ISA_USAGE = YES_ERROR;
				CLANG_WARN_EMPTY_BODY = YES;
				CLANG_WARN_ENUM_CONVERSION = YES;
				CLANG_WARN_INT_CONVERSION = YES;
				CLANG_WARN_OBJC_ROOT_CLASS = YES_ERROR;
				CLANG_WARN__DUPLICATE_METHOD_MATCH = YES;
				"CODE_SIGN_IDENTITY[sdk=iphoneos*]" = "iPhone Developer";
				COPY_PHASE_STRIP = NO;
				GCC_C_LANGUAGE_STANDARD = gnu99;
				GCC_DYNAMIC_NO_PIC = NO;
				GCC_OPTIMIZATION_LEVEL = 0;
				GCC_PREPROCESSOR_DEFINITIONS = (
					"DEBUG=1",
					"$(inherited)",
				);
				GCC_SYMBOLS_PRIVATE_EXTERN = NO;
				GCC_WARN_64_TO_32_BIT_CONVERSION = YES;
				GCC_WARN_ABOUT_RETURN_TYPE = YES_ERROR;
				GCC_WARN_UNDECLARED_SELECTOR = YES;
				GCC_WARN_UNINITIALIZED_AUTOS = YES;
				GCC_WARN_UNUSED_FUNCTION = YES;
				GCC_WARN_UNUSED_VARIABLE = YES;
				IPHONEOS_DEPLOYMENT_TARGET = 7.0;
				ONLY_ACTIVE_ARCH = YES;
				SDKROOT = iphoneos;
			};
			name = Debug;
		};
		8561EAF418E6A93A003F6EB8 /* Release */ = {
			isa = XCBuildConfiguration;
			buildSettings = {
				ALWAYS_SEARCH_USER_PATHS = NO;
				ARCHS = "$(ARCHS_STANDARD_INCLUDING_64_BIT)";
				CLANG_CXX_LANGUAGE_STANDARD = "gnu++0x";
				CLANG_CXX_LIBRARY = "libc++";
				CLANG_ENABLE_MODULES = YES;
				CLANG_ENABLE_OBJC_ARC = YES;
				CLANG_WARN_BOOL_CONVERSION = YES;
				CLANG_WARN_CONSTANT_CONVERSION = YES;
				CLANG_WARN_DIRECT_OBJC_ISA_USAGE = YES_ERROR;
				CLANG_WARN_EMPTY_BODY = YES;
				CLANG_WARN_ENUM_CONVERSION = YES;
				CLANG_WARN_INT_CONVERSION = YES;
				CLANG_WARN_OBJC_ROOT_CLASS = YES_ERROR;
				CLANG_WARN__DUPLICATE_METHOD_MATCH = YES;
				"CODE_SIGN_IDENTITY[sdk=iphoneos*]" = "iPhone Developer";
				COPY_PHASE_STRIP = YES;
				ENABLE_NS_ASSERTIONS = NO;
				GCC_C_LANGUAGE_STANDARD = gnu99;
				GCC_WARN_64_TO_32_BIT_CONVERSION = YES;
				GCC_WARN_ABOUT_RETURN_TYPE = YES_ERROR;
				GCC_WARN_UNDECLARED_SELECTOR = YES;
				GCC_WARN_UNINITIALIZED_AUTOS = YES;
				GCC_WARN_UNUSED_FUNCTION = YES;
				GCC_WARN_UNUSED_VARIABLE = YES;
				IPHONEOS_DEPLOYMENT_TARGET = 7.0;
				SDKROOT = iphoneos;
				VALIDATE_PRODUCT = YES;
			};
			name = Release;
		};
		8561EAF618E6A93A003F6EB8 /* Debug */ = {
			isa = XCBuildConfiguration;
			buildSettings = {
				ASSETCATALOG_COMPILER_APPICON_NAME = AppIcon;
				ASSETCATALOG_COMPILER_LAUNCHIMAGE_NAME = LaunchImage;
				GCC_PRECOMPILE_PREFIX_HEADER = YES;
				GCC_PREFIX_HEADER = "Mouse/Mouse-Prefix.pch";
				INFOPLIST_FILE = "Mouse/Mouse-Info.plist";
				PRODUCT_NAME = "$(TARGET_NAME)";
				WRAPPER_EXTENSION = app;
			};
			name = Debug;
		};
		8561EAF718E6A93A003F6EB8 /* Release */ = {
			isa = XCBuildConfiguration;
			buildSettings = {
				ASSETCATALOG_COMPILER_APPICON_NAME = AppIcon;
				ASSETCATALOG_COMPILER_LAUNCHIMAGE_NAME = LaunchImage;
				GCC_PRECOMPILE_PREFIX_HEADER = YES;
				GCC_PREFIX_HEADER = "Mouse/Mouse-Prefix.pch";
				INFOPLIST_FILE = "Mouse/Mouse-Info.plist";
				PRODUCT_NAME = "$(TARGET_NAME)";
				WRAPPER_EXTENSION = app;
			};
			name = Release;
		};
		8561EAF918E6A93A003F6EB8 /* Debug */ = {
			isa = XCBuildConfiguration;
			buildSettings = {
				ARCHS = "$(ARCHS_STANDARD_INCLUDING_64_BIT)";
				BUNDLE_LOADER = "$(BUILT_PRODUCTS_DIR)/Mouse.app/Mouse";
				FRAMEWORK_SEARCH_PATHS = (
					"$(SDKROOT)/Developer/Library/Frameworks",
					"$(inherited)",
					"$(DEVELOPER_FRAMEWORKS_DIR)",
				);
				GCC_PRECOMPILE_PREFIX_HEADER = YES;
				GCC_PREFIX_HEADER = "Mouse/Mouse-Prefix.pch";
				GCC_PREPROCESSOR_DEFINITIONS = (
					"DEBUG=1",
					"$(inherited)",
				);
				INFOPLIST_FILE = "MouseTests/MouseTests-Info.plist";
				PRODUCT_NAME = "$(TARGET_NAME)";
				TEST_HOST = "$(BUNDLE_LOADER)";
				WRAPPER_EXTENSION = xctest;
			};
			name = Debug;
		};
		8561EAFA18E6A93A003F6EB8 /* Release */ = {
			isa = XCBuildConfiguration;
			buildSettings = {
				ARCHS = "$(ARCHS_STANDARD_INCLUDING_64_BIT)";
				BUNDLE_LOADER = "$(BUILT_PRODUCTS_DIR)/Mouse.app/Mouse";
				FRAMEWORK_SEARCH_PATHS = (
					"$(SDKROOT)/Developer/Library/Frameworks",
					"$(inherited)",
					"$(DEVELOPER_FRAMEWORKS_DIR)",
				);
				GCC_PRECOMPILE_PREFIX_HEADER = YES;
				GCC_PREFIX_HEADER = "Mouse/Mouse-Prefix.pch";
				INFOPLIST_FILE = "MouseTests/MouseTests-Info.plist";
				PRODUCT_NAME = "$(TARGET_NAME)";
				TEST_HOST = "$(BUNDLE_LOADER)";
				WRAPPER_EXTENSION = xctest;
			};
			name = Release;
		};
/* End XCBuildConfiguration section */

/* Begin XCConfigurationList section */
		8561EABE18E6A93A003F6EB8 /* Build configuration list for PBXProject "Mouse" */ = {
			isa = XCConfigurationList;
			buildConfigurations = (
				8561EAF318E6A93A003F6EB8 /* Debug */,
				8561EAF418E6A93A003F6EB8 /* Release */,
			);
			defaultConfigurationIsVisible = 0;
			defaultConfigurationName = Release;
		};
		8561EAF518E6A93A003F6EB8 /* Build configuration list for PBXNativeTarget "Mouse" */ = {
			isa = XCConfigurationList;
			buildConfigurations = (
				8561EAF618E6A93A003F6EB8 /* Debug */,
				8561EAF718E6A93A003F6EB8 /* Release */,
			);
			defaultConfigurationIsVisible = 0;
		};
		8561EAF818E6A93A003F6EB8 /* Build configuration list for PBXNativeTarget "MouseTests" */ = {
			isa = XCConfigurationList;
			buildConfigurations = (
				8561EAF918E6A93A003F6EB8 /* Debug */,
				8561EAFA18E6A93A003F6EB8 /* Release */,
			);
			defaultConfigurationIsVisible = 0;
		};
/* End XCConfigurationList section */
	};
	rootObject = 8561EABB18E6A93A003F6EB8 /* Project object */;
}
